// !$*UTF8*$!
{
	archiveVersion = 1;
	classes = {
	};
	objectVersion = 50;
	objects = {

/* Begin PBXBuildFile section */
		B54B9B2A253C040400EC02B3 /* rasterizer.cpp in Sources */ = {isa = PBXBuildFile; fileRef = B54B9B25253C040400EC02B3 /* rasterizer.cpp */; };
		B54B9B2B253C040400EC02B3 /* Triangle.cpp in Sources */ = {isa = PBXBuildFile; fileRef = B54B9B27253C040400EC02B3 /* Triangle.cpp */; };
		B54B9B2C253C040400EC02B3 /* main.cpp in Sources */ = {isa = PBXBuildFile; fileRef = B54B9B29253C040400EC02B3 /* main.cpp */; };
		B54B9B31253C04AC00EC02B3 /* libopencv_reg.4.2.0.dylib in Frameworks */ = {isa = PBXBuildFile; fileRef = B597A8B5251A441A0064C44E /* libopencv_reg.4.2.0.dylib */; };
		B54B9B32253C04AC00EC02B3 /* libopencv_bgsegm.4.2.0.dylib in Frameworks */ = {isa = PBXBuildFile; fileRef = B597A8DD251A441B0064C44E /* libopencv_bgsegm.4.2.0.dylib */; };
		B54B9B33253C04AC00EC02B3 /* libopencv_flann.4.2.0.dylib in Frameworks */ = {isa = PBXBuildFile; fileRef = B597A8C1251A441A0064C44E /* libopencv_flann.4.2.0.dylib */; };
		B54B9B34253C04AC00EC02B3 /* libopencv_videostab.4.2.0.dylib in Frameworks */ = {isa = PBXBuildFile; fileRef = B597A8CA251A441A0064C44E /* libopencv_videostab.4.2.0.dylib */; };
		B54B9B35253C04AC00EC02B3 /* libopencv_gapi.4.2.0.dylib in Frameworks */ = {isa = PBXBuildFile; fileRef = B597A8DE251A441B0064C44E /* libopencv_gapi.4.2.0.dylib */; };
		B54B9B36253C04AC00EC02B3 /* libopencv_sfm.4.2.0.dylib in Frameworks */ = {isa = PBXBuildFile; fileRef = B597A8E3251A441B0064C44E /* libopencv_sfm.4.2.0.dylib */; };
		B54B9B37253C04AC00EC02B3 /* libopencv_video.4.2.0.dylib in Frameworks */ = {isa = PBXBuildFile; fileRef = B597A8DF251A441B0064C44E /* libopencv_video.4.2.0.dylib */; };
		B54B9B38253C04AC00EC02B3 /* libopencv_ml.4.2.0.dylib in Frameworks */ = {isa = PBXBuildFile; fileRef = B597A8B6251A441A0064C44E /* libopencv_ml.4.2.0.dylib */; };
		B54B9B39253C04AC00EC02B3 /* libopencv_ximgproc.4.2.0.dylib in Frameworks */ = {isa = PBXBuildFile; fileRef = B597A8B4251A441A0064C44E /* libopencv_ximgproc.4.2.0.dylib */; };
		B54B9B3A253C04AC00EC02B3 /* libopencv_dnn_objdetect.4.2.0.dylib in Frameworks */ = {isa = PBXBuildFile; fileRef = B597A8D8251A441B0064C44E /* libopencv_dnn_objdetect.4.2.0.dylib */; };
		B54B9B3B253C04AC00EC02B3 /* libopencv_imgcodecs.4.2.0.dylib in Frameworks */ = {isa = PBXBuildFile; fileRef = B597A8BD251A441A0064C44E /* libopencv_imgcodecs.4.2.0.dylib */; };
		B54B9B3C253C04AC00EC02B3 /* libopencv_core.4.2.0.dylib in Frameworks */ = {isa = PBXBuildFile; fileRef = B597A8C5251A441A0064C44E /* libopencv_core.4.2.0.dylib */; };
		B54B9B3D253C04AC00EC02B3 /* libopencv_freetype.4.2.0.dylib in Frameworks */ = {isa = PBXBuildFile; fileRef = B597A8BC251A441A0064C44E /* libopencv_freetype.4.2.0.dylib */; };
		B54B9B3E253C04AC00EC02B3 /* libopencv_objdetect.4.2.0.dylib in Frameworks */ = {isa = PBXBuildFile; fileRef = B597A8C8251A441A0064C44E /* libopencv_objdetect.4.2.0.dylib */; };
		B54B9B3F253C04AC00EC02B3 /* libopencv_stitching.4.2.0.dylib in Frameworks */ = {isa = PBXBuildFile; fileRef = B597A8E0251A441B0064C44E /* libopencv_stitching.4.2.0.dylib */; };
		B54B9B40253C04AC00EC02B3 /* libopencv_dnn_superres.4.2.0.dylib in Frameworks */ = {isa = PBXBuildFile; fileRef = B597A8D5251A441B0064C44E /* libopencv_dnn_superres.4.2.0.dylib */; };
		B54B9B41253C04AC00EC02B3 /* libopencv_superres.4.2.0.dylib in Frameworks */ = {isa = PBXBuildFile; fileRef = B597A8D3251A441B0064C44E /* libopencv_superres.4.2.0.dylib */; };
		B54B9B42253C04AC00EC02B3 /* libopencv_videoio.4.2.0.dylib in Frameworks */ = {isa = PBXBuildFile; fileRef = B597A8D6251A441B0064C44E /* libopencv_videoio.4.2.0.dylib */; };
		B54B9B43253C04AC00EC02B3 /* libopencv_xfeatures2d.4.2.0.dylib in Frameworks */ = {isa = PBXBuildFile; fileRef = B597A8D7251A441B0064C44E /* libopencv_xfeatures2d.4.2.0.dylib */; };
		B54B9B44253C04AC00EC02B3 /* libopencv_xobjdetect.4.2.0.dylib in Frameworks */ = {isa = PBXBuildFile; fileRef = B597A8DA251A441B0064C44E /* libopencv_xobjdetect.4.2.0.dylib */; };
		B54B9B45253C04AC00EC02B3 /* libopencv_imgproc.4.2.0.dylib in Frameworks */ = {isa = PBXBuildFile; fileRef = B597A8CB251A441A0064C44E /* libopencv_imgproc.4.2.0.dylib */; };
		B54B9B46253C04AC00EC02B3 /* libopencv_bioinspired.4.2.0.dylib in Frameworks */ = {isa = PBXBuildFile; fileRef = B597A8C2251A441A0064C44E /* libopencv_bioinspired.4.2.0.dylib */; };
		B54B9B47253C04AC00EC02B3 /* libopencv_saliency.4.2.0.dylib in Frameworks */ = {isa = PBXBuildFile; fileRef = B597A8D9251A441B0064C44E /* libopencv_saliency.4.2.0.dylib */; };
		B54B9B48253C04AC00EC02B3 /* libopencv_optflow.4.2.0.dylib in Frameworks */ = {isa = PBXBuildFile; fileRef = B597A8CF251A441B0064C44E /* libopencv_optflow.4.2.0.dylib */; };
		B54B9B49253C04AC00EC02B3 /* libopencv_surface_matching.4.2.0.dylib in Frameworks */ = {isa = PBXBuildFile; fileRef = B597A8D2251A441B0064C44E /* libopencv_surface_matching.4.2.0.dylib */; };
		B54B9B4A253C04AC00EC02B3 /* libopencv_text.4.2.0.dylib in Frameworks */ = {isa = PBXBuildFile; fileRef = B597A8E2251A441B0064C44E /* libopencv_text.4.2.0.dylib */; };
		B54B9B4B253C04AC00EC02B3 /* libopencv_aruco.4.2.0.dylib in Frameworks */ = {isa = PBXBuildFile; fileRef = B597A8B8251A441A0064C44E /* libopencv_aruco.4.2.0.dylib */; };
		B54B9B4C253C04AC00EC02B3 /* libopencv_dpm.4.2.0.dylib in Frameworks */ = {isa = PBXBuildFile; fileRef = B597A8BB251A441A0064C44E /* libopencv_dpm.4.2.0.dylib */; };
		B54B9B4D253C04AC00EC02B3 /* libopencv_tracking.4.2.0.dylib in Frameworks */ = {isa = PBXBuildFile; fileRef = B597A8B9251A441A0064C44E /* libopencv_tracking.4.2.0.dylib */; };
		B54B9B4E253C04AC00EC02B3 /* libopencv_quality.4.2.0.dylib in Frameworks */ = {isa = PBXBuildFile; fileRef = B597A8CC251A441A0064C44E /* libopencv_quality.4.2.0.dylib */; };
		B54B9B4F253C04AC00EC02B3 /* libopencv_calib3d.4.2.0.dylib in Frameworks */ = {isa = PBXBuildFile; fileRef = B597A8E4251A441B0064C44E /* libopencv_calib3d.4.2.0.dylib */; };
		B54B9B50253C04AC00EC02B3 /* libopencv_plot.4.2.0.dylib in Frameworks */ = {isa = PBXBuildFile; fileRef = B597A8C4251A441A0064C44E /* libopencv_plot.4.2.0.dylib */; };
		B54B9B51253C04AC00EC02B3 /* libopencv_fuzzy.4.2.0.dylib in Frameworks */ = {isa = PBXBuildFile; fileRef = B597A8BF251A441A0064C44E /* libopencv_fuzzy.4.2.0.dylib */; };
		B54B9B52253C04AC00EC02B3 /* libopencv_ccalib.4.2.0.dylib in Frameworks */ = {isa = PBXBuildFile; fileRef = B597A8C3251A441A0064C44E /* libopencv_ccalib.4.2.0.dylib */; };
		B54B9B53253C04AC00EC02B3 /* libopencv_stereo.4.2.0.dylib in Frameworks */ = {isa = PBXBuildFile; fileRef = B597A8B7251A441A0064C44E /* libopencv_stereo.4.2.0.dylib */; };
		B54B9B54253C04AC00EC02B3 /* libopencv_datasets.4.2.0.dylib in Frameworks */ = {isa = PBXBuildFile; fileRef = B597A8BE251A441A0064C44E /* libopencv_datasets.4.2.0.dylib */; };
		B54B9B55253C04AC00EC02B3 /* libopencv_face.4.2.0.dylib in Frameworks */ = {isa = PBXBuildFile; fileRef = B597A8CE251A441B0064C44E /* libopencv_face.4.2.0.dylib */; };
		B54B9B56253C04AC00EC02B3 /* libopencv_features2d.4.2.0.dylib in Frameworks */ = {isa = PBXBuildFile; fileRef = B597A8C9251A441A0064C44E /* libopencv_features2d.4.2.0.dylib */; };
		B54B9B57253C04AC00EC02B3 /* libopencv_shape.4.2.0.dylib in Frameworks */ = {isa = PBXBuildFile; fileRef = B597A8C6251A441A0064C44E /* libopencv_shape.4.2.0.dylib */; };
		B54B9B58253C04AC00EC02B3 /* libopencv_dnn.4.2.0.dylib in Frameworks */ = {isa = PBXBuildFile; fileRef = B597A8BA251A441A0064C44E /* libopencv_dnn.4.2.0.dylib */; };
		B54B9B59253C04AC00EC02B3 /* libopencv_photo.4.2.0.dylib in Frameworks */ = {isa = PBXBuildFile; fileRef = B597A8D0251A441B0064C44E /* libopencv_photo.4.2.0.dylib */; };
		B54B9B5A253C04AC00EC02B3 /* libopencv_line_descriptor.4.2.0.dylib in Frameworks */ = {isa = PBXBuildFile; fileRef = B597A8D1251A441B0064C44E /* libopencv_line_descriptor.4.2.0.dylib */; };
		B54B9B5B253C04AC00EC02B3 /* libopencv_phase_unwrapping.4.2.0.dylib in Frameworks */ = {isa = PBXBuildFile; fileRef = B597A8D4251A441B0064C44E /* libopencv_phase_unwrapping.4.2.0.dylib */; };
		B54B9B5C253C04AC00EC02B3 /* libopencv_rgbd.4.2.0.dylib in Frameworks */ = {isa = PBXBuildFile; fileRef = B597A8DC251A441B0064C44E /* libopencv_rgbd.4.2.0.dylib */; };
		B54B9B5D253C04AC00EC02B3 /* libopencv_highgui.4.2.0.dylib in Frameworks */ = {isa = PBXBuildFile; fileRef = B597A8C7251A441A0064C44E /* libopencv_highgui.4.2.0.dylib */; };
		B54B9B5E253C04AC00EC02B3 /* libopencv_img_hash.4.2.0.dylib in Frameworks */ = {isa = PBXBuildFile; fileRef = B597A8E1251A441B0064C44E /* libopencv_img_hash.4.2.0.dylib */; };
		B54B9B5F253C04AC00EC02B3 /* libopencv_hfs.4.2.0.dylib in Frameworks */ = {isa = PBXBuildFile; fileRef = B597A8DB251A441B0064C44E /* libopencv_hfs.4.2.0.dylib */; };
		B54B9B60253C04AC00EC02B3 /* libopencv_structured_light.4.2.0.dylib in Frameworks */ = {isa = PBXBuildFile; fileRef = B597A8C0251A441A0064C44E /* libopencv_structured_light.4.2.0.dylib */; };
		B54B9B61253C04AC00EC02B3 /* libopencv_xphoto.4.2.0.dylib in Frameworks */ = {isa = PBXBuildFile; fileRef = B597A8CD251A441B0064C44E /* libopencv_xphoto.4.2.0.dylib */; };
		B597A86E251906B30064C44E /* main.cpp in Sources */ = {isa = PBXBuildFile; fileRef = B597A86D251906B30064C44E /* main.cpp */; };
		B597A88B251907770064C44E /* rasterizer.cpp in Sources */ = {isa = PBXBuildFile; fileRef = B597A888251907770064C44E /* rasterizer.cpp */; };
		B597A88C251907770064C44E /* Triangle.cpp in Sources */ = {isa = PBXBuildFile; fileRef = B597A889251907770064C44E /* Triangle.cpp */; };
		B597A8A025190B6E0064C44E /* main.cpp in Sources */ = {isa = PBXBuildFile; fileRef = B597A89F25190B6E0064C44E /* main.cpp */; };
		B597A8E5251A441B0064C44E /* libopencv_ximgproc.4.2.0.dylib in Frameworks */ = {isa = PBXBuildFile; fileRef = B597A8B4251A441A0064C44E /* libopencv_ximgproc.4.2.0.dylib */; };
		B597A8E6251A441B0064C44E /* libopencv_ximgproc.4.2.0.dylib in Frameworks */ = {isa = PBXBuildFile; fileRef = B597A8B4251A441A0064C44E /* libopencv_ximgproc.4.2.0.dylib */; };
		B597A8E7251A441B0064C44E /* libopencv_ximgproc.4.2.0.dylib in Frameworks */ = {isa = PBXBuildFile; fileRef = B597A8B4251A441A0064C44E /* libopencv_ximgproc.4.2.0.dylib */; };
		B597A8E8251A441B0064C44E /* libopencv_reg.4.2.0.dylib in Frameworks */ = {isa = PBXBuildFile; fileRef = B597A8B5251A441A0064C44E /* libopencv_reg.4.2.0.dylib */; };
		B597A8E9251A441B0064C44E /* libopencv_reg.4.2.0.dylib in Frameworks */ = {isa = PBXBuildFile; fileRef = B597A8B5251A441A0064C44E /* libopencv_reg.4.2.0.dylib */; };
		B597A8EA251A441B0064C44E /* libopencv_reg.4.2.0.dylib in Frameworks */ = {isa = PBXBuildFile; fileRef = B597A8B5251A441A0064C44E /* libopencv_reg.4.2.0.dylib */; };
		B597A8EB251A441B0064C44E /* libopencv_ml.4.2.0.dylib in Frameworks */ = {isa = PBXBuildFile; fileRef = B597A8B6251A441A0064C44E /* libopencv_ml.4.2.0.dylib */; };
		B597A8EC251A441B0064C44E /* libopencv_ml.4.2.0.dylib in Frameworks */ = {isa = PBXBuildFile; fileRef = B597A8B6251A441A0064C44E /* libopencv_ml.4.2.0.dylib */; };
		B597A8ED251A441B0064C44E /* libopencv_ml.4.2.0.dylib in Frameworks */ = {isa = PBXBuildFile; fileRef = B597A8B6251A441A0064C44E /* libopencv_ml.4.2.0.dylib */; };
		B597A8EE251A441B0064C44E /* libopencv_stereo.4.2.0.dylib in Frameworks */ = {isa = PBXBuildFile; fileRef = B597A8B7251A441A0064C44E /* libopencv_stereo.4.2.0.dylib */; };
		B597A8EF251A441B0064C44E /* libopencv_stereo.4.2.0.dylib in Frameworks */ = {isa = PBXBuildFile; fileRef = B597A8B7251A441A0064C44E /* libopencv_stereo.4.2.0.dylib */; };
		B597A8F0251A441B0064C44E /* libopencv_stereo.4.2.0.dylib in Frameworks */ = {isa = PBXBuildFile; fileRef = B597A8B7251A441A0064C44E /* libopencv_stereo.4.2.0.dylib */; };
		B597A8F1251A441B0064C44E /* libopencv_aruco.4.2.0.dylib in Frameworks */ = {isa = PBXBuildFile; fileRef = B597A8B8251A441A0064C44E /* libopencv_aruco.4.2.0.dylib */; };
		B597A8F2251A441B0064C44E /* libopencv_aruco.4.2.0.dylib in Frameworks */ = {isa = PBXBuildFile; fileRef = B597A8B8251A441A0064C44E /* libopencv_aruco.4.2.0.dylib */; };
		B597A8F3251A441B0064C44E /* libopencv_aruco.4.2.0.dylib in Frameworks */ = {isa = PBXBuildFile; fileRef = B597A8B8251A441A0064C44E /* libopencv_aruco.4.2.0.dylib */; };
		B597A8F4251A441B0064C44E /* libopencv_tracking.4.2.0.dylib in Frameworks */ = {isa = PBXBuildFile; fileRef = B597A8B9251A441A0064C44E /* libopencv_tracking.4.2.0.dylib */; };
		B597A8F5251A441B0064C44E /* libopencv_tracking.4.2.0.dylib in Frameworks */ = {isa = PBXBuildFile; fileRef = B597A8B9251A441A0064C44E /* libopencv_tracking.4.2.0.dylib */; };
		B597A8F6251A441B0064C44E /* libopencv_tracking.4.2.0.dylib in Frameworks */ = {isa = PBXBuildFile; fileRef = B597A8B9251A441A0064C44E /* libopencv_tracking.4.2.0.dylib */; };
		B597A8F7251A441B0064C44E /* libopencv_dnn.4.2.0.dylib in Frameworks */ = {isa = PBXBuildFile; fileRef = B597A8BA251A441A0064C44E /* libopencv_dnn.4.2.0.dylib */; };
		B597A8F8251A441B0064C44E /* libopencv_dnn.4.2.0.dylib in Frameworks */ = {isa = PBXBuildFile; fileRef = B597A8BA251A441A0064C44E /* libopencv_dnn.4.2.0.dylib */; };
		B597A8F9251A441B0064C44E /* libopencv_dnn.4.2.0.dylib in Frameworks */ = {isa = PBXBuildFile; fileRef = B597A8BA251A441A0064C44E /* libopencv_dnn.4.2.0.dylib */; };
		B597A8FA251A441B0064C44E /* libopencv_dpm.4.2.0.dylib in Frameworks */ = {isa = PBXBuildFile; fileRef = B597A8BB251A441A0064C44E /* libopencv_dpm.4.2.0.dylib */; };
		B597A8FB251A441B0064C44E /* libopencv_dpm.4.2.0.dylib in Frameworks */ = {isa = PBXBuildFile; fileRef = B597A8BB251A441A0064C44E /* libopencv_dpm.4.2.0.dylib */; };
		B597A8FC251A441B0064C44E /* libopencv_dpm.4.2.0.dylib in Frameworks */ = {isa = PBXBuildFile; fileRef = B597A8BB251A441A0064C44E /* libopencv_dpm.4.2.0.dylib */; };
		B597A8FD251A441B0064C44E /* libopencv_freetype.4.2.0.dylib in Frameworks */ = {isa = PBXBuildFile; fileRef = B597A8BC251A441A0064C44E /* libopencv_freetype.4.2.0.dylib */; };
		B597A8FE251A441B0064C44E /* libopencv_freetype.4.2.0.dylib in Frameworks */ = {isa = PBXBuildFile; fileRef = B597A8BC251A441A0064C44E /* libopencv_freetype.4.2.0.dylib */; };
		B597A8FF251A441B0064C44E /* libopencv_freetype.4.2.0.dylib in Frameworks */ = {isa = PBXBuildFile; fileRef = B597A8BC251A441A0064C44E /* libopencv_freetype.4.2.0.dylib */; };
		B597A900251A441B0064C44E /* libopencv_imgcodecs.4.2.0.dylib in Frameworks */ = {isa = PBXBuildFile; fileRef = B597A8BD251A441A0064C44E /* libopencv_imgcodecs.4.2.0.dylib */; };
		B597A901251A441B0064C44E /* libopencv_imgcodecs.4.2.0.dylib in Frameworks */ = {isa = PBXBuildFile; fileRef = B597A8BD251A441A0064C44E /* libopencv_imgcodecs.4.2.0.dylib */; };
		B597A902251A441B0064C44E /* libopencv_imgcodecs.4.2.0.dylib in Frameworks */ = {isa = PBXBuildFile; fileRef = B597A8BD251A441A0064C44E /* libopencv_imgcodecs.4.2.0.dylib */; };
		B597A903251A441B0064C44E /* libopencv_datasets.4.2.0.dylib in Frameworks */ = {isa = PBXBuildFile; fileRef = B597A8BE251A441A0064C44E /* libopencv_datasets.4.2.0.dylib */; };
		B597A904251A441B0064C44E /* libopencv_datasets.4.2.0.dylib in Frameworks */ = {isa = PBXBuildFile; fileRef = B597A8BE251A441A0064C44E /* libopencv_datasets.4.2.0.dylib */; };
		B597A905251A441B0064C44E /* libopencv_datasets.4.2.0.dylib in Frameworks */ = {isa = PBXBuildFile; fileRef = B597A8BE251A441A0064C44E /* libopencv_datasets.4.2.0.dylib */; };
		B597A906251A441B0064C44E /* libopencv_fuzzy.4.2.0.dylib in Frameworks */ = {isa = PBXBuildFile; fileRef = B597A8BF251A441A0064C44E /* libopencv_fuzzy.4.2.0.dylib */; };
		B597A907251A441B0064C44E /* libopencv_fuzzy.4.2.0.dylib in Frameworks */ = {isa = PBXBuildFile; fileRef = B597A8BF251A441A0064C44E /* libopencv_fuzzy.4.2.0.dylib */; };
		B597A908251A441B0064C44E /* libopencv_fuzzy.4.2.0.dylib in Frameworks */ = {isa = PBXBuildFile; fileRef = B597A8BF251A441A0064C44E /* libopencv_fuzzy.4.2.0.dylib */; };
		B597A909251A441B0064C44E /* libopencv_structured_light.4.2.0.dylib in Frameworks */ = {isa = PBXBuildFile; fileRef = B597A8C0251A441A0064C44E /* libopencv_structured_light.4.2.0.dylib */; };
		B597A90A251A441B0064C44E /* libopencv_structured_light.4.2.0.dylib in Frameworks */ = {isa = PBXBuildFile; fileRef = B597A8C0251A441A0064C44E /* libopencv_structured_light.4.2.0.dylib */; };
		B597A90B251A441B0064C44E /* libopencv_structured_light.4.2.0.dylib in Frameworks */ = {isa = PBXBuildFile; fileRef = B597A8C0251A441A0064C44E /* libopencv_structured_light.4.2.0.dylib */; };
		B597A90C251A441B0064C44E /* libopencv_flann.4.2.0.dylib in Frameworks */ = {isa = PBXBuildFile; fileRef = B597A8C1251A441A0064C44E /* libopencv_flann.4.2.0.dylib */; };
		B597A90D251A441B0064C44E /* libopencv_flann.4.2.0.dylib in Frameworks */ = {isa = PBXBuildFile; fileRef = B597A8C1251A441A0064C44E /* libopencv_flann.4.2.0.dylib */; };
		B597A90E251A441B0064C44E /* libopencv_flann.4.2.0.dylib in Frameworks */ = {isa = PBXBuildFile; fileRef = B597A8C1251A441A0064C44E /* libopencv_flann.4.2.0.dylib */; };
		B597A90F251A441B0064C44E /* libopencv_bioinspired.4.2.0.dylib in Frameworks */ = {isa = PBXBuildFile; fileRef = B597A8C2251A441A0064C44E /* libopencv_bioinspired.4.2.0.dylib */; };
		B597A910251A441B0064C44E /* libopencv_bioinspired.4.2.0.dylib in Frameworks */ = {isa = PBXBuildFile; fileRef = B597A8C2251A441A0064C44E /* libopencv_bioinspired.4.2.0.dylib */; };
		B597A911251A441B0064C44E /* libopencv_bioinspired.4.2.0.dylib in Frameworks */ = {isa = PBXBuildFile; fileRef = B597A8C2251A441A0064C44E /* libopencv_bioinspired.4.2.0.dylib */; };
		B597A912251A441B0064C44E /* libopencv_ccalib.4.2.0.dylib in Frameworks */ = {isa = PBXBuildFile; fileRef = B597A8C3251A441A0064C44E /* libopencv_ccalib.4.2.0.dylib */; };
		B597A913251A441B0064C44E /* libopencv_ccalib.4.2.0.dylib in Frameworks */ = {isa = PBXBuildFile; fileRef = B597A8C3251A441A0064C44E /* libopencv_ccalib.4.2.0.dylib */; };
		B597A914251A441B0064C44E /* libopencv_ccalib.4.2.0.dylib in Frameworks */ = {isa = PBXBuildFile; fileRef = B597A8C3251A441A0064C44E /* libopencv_ccalib.4.2.0.dylib */; };
		B597A915251A441B0064C44E /* libopencv_plot.4.2.0.dylib in Frameworks */ = {isa = PBXBuildFile; fileRef = B597A8C4251A441A0064C44E /* libopencv_plot.4.2.0.dylib */; };
		B597A916251A441B0064C44E /* libopencv_plot.4.2.0.dylib in Frameworks */ = {isa = PBXBuildFile; fileRef = B597A8C4251A441A0064C44E /* libopencv_plot.4.2.0.dylib */; };
		B597A917251A441B0064C44E /* libopencv_plot.4.2.0.dylib in Frameworks */ = {isa = PBXBuildFile; fileRef = B597A8C4251A441A0064C44E /* libopencv_plot.4.2.0.dylib */; };
		B597A918251A441B0064C44E /* libopencv_core.4.2.0.dylib in Frameworks */ = {isa = PBXBuildFile; fileRef = B597A8C5251A441A0064C44E /* libopencv_core.4.2.0.dylib */; };
		B597A919251A441B0064C44E /* libopencv_core.4.2.0.dylib in Frameworks */ = {isa = PBXBuildFile; fileRef = B597A8C5251A441A0064C44E /* libopencv_core.4.2.0.dylib */; };
		B597A91A251A441B0064C44E /* libopencv_core.4.2.0.dylib in Frameworks */ = {isa = PBXBuildFile; fileRef = B597A8C5251A441A0064C44E /* libopencv_core.4.2.0.dylib */; };
		B597A91B251A441B0064C44E /* libopencv_shape.4.2.0.dylib in Frameworks */ = {isa = PBXBuildFile; fileRef = B597A8C6251A441A0064C44E /* libopencv_shape.4.2.0.dylib */; };
		B597A91C251A441B0064C44E /* libopencv_shape.4.2.0.dylib in Frameworks */ = {isa = PBXBuildFile; fileRef = B597A8C6251A441A0064C44E /* libopencv_shape.4.2.0.dylib */; };
		B597A91D251A441B0064C44E /* libopencv_shape.4.2.0.dylib in Frameworks */ = {isa = PBXBuildFile; fileRef = B597A8C6251A441A0064C44E /* libopencv_shape.4.2.0.dylib */; };
		B597A91E251A441B0064C44E /* libopencv_highgui.4.2.0.dylib in Frameworks */ = {isa = PBXBuildFile; fileRef = B597A8C7251A441A0064C44E /* libopencv_highgui.4.2.0.dylib */; };
		B597A91F251A441B0064C44E /* libopencv_highgui.4.2.0.dylib in Frameworks */ = {isa = PBXBuildFile; fileRef = B597A8C7251A441A0064C44E /* libopencv_highgui.4.2.0.dylib */; };
		B597A920251A441B0064C44E /* libopencv_highgui.4.2.0.dylib in Frameworks */ = {isa = PBXBuildFile; fileRef = B597A8C7251A441A0064C44E /* libopencv_highgui.4.2.0.dylib */; };
		B597A921251A441B0064C44E /* libopencv_objdetect.4.2.0.dylib in Frameworks */ = {isa = PBXBuildFile; fileRef = B597A8C8251A441A0064C44E /* libopencv_objdetect.4.2.0.dylib */; };
		B597A922251A441B0064C44E /* libopencv_objdetect.4.2.0.dylib in Frameworks */ = {isa = PBXBuildFile; fileRef = B597A8C8251A441A0064C44E /* libopencv_objdetect.4.2.0.dylib */; };
		B597A923251A441B0064C44E /* libopencv_objdetect.4.2.0.dylib in Frameworks */ = {isa = PBXBuildFile; fileRef = B597A8C8251A441A0064C44E /* libopencv_objdetect.4.2.0.dylib */; };
		B597A924251A441B0064C44E /* libopencv_features2d.4.2.0.dylib in Frameworks */ = {isa = PBXBuildFile; fileRef = B597A8C9251A441A0064C44E /* libopencv_features2d.4.2.0.dylib */; };
		B597A925251A441B0064C44E /* libopencv_features2d.4.2.0.dylib in Frameworks */ = {isa = PBXBuildFile; fileRef = B597A8C9251A441A0064C44E /* libopencv_features2d.4.2.0.dylib */; };
		B597A926251A441B0064C44E /* libopencv_features2d.4.2.0.dylib in Frameworks */ = {isa = PBXBuildFile; fileRef = B597A8C9251A441A0064C44E /* libopencv_features2d.4.2.0.dylib */; };
		B597A927251A441B0064C44E /* libopencv_videostab.4.2.0.dylib in Frameworks */ = {isa = PBXBuildFile; fileRef = B597A8CA251A441A0064C44E /* libopencv_videostab.4.2.0.dylib */; };
		B597A928251A441B0064C44E /* libopencv_videostab.4.2.0.dylib in Frameworks */ = {isa = PBXBuildFile; fileRef = B597A8CA251A441A0064C44E /* libopencv_videostab.4.2.0.dylib */; };
		B597A929251A441B0064C44E /* libopencv_videostab.4.2.0.dylib in Frameworks */ = {isa = PBXBuildFile; fileRef = B597A8CA251A441A0064C44E /* libopencv_videostab.4.2.0.dylib */; };
		B597A92A251A441B0064C44E /* libopencv_imgproc.4.2.0.dylib in Frameworks */ = {isa = PBXBuildFile; fileRef = B597A8CB251A441A0064C44E /* libopencv_imgproc.4.2.0.dylib */; };
		B597A92B251A441B0064C44E /* libopencv_imgproc.4.2.0.dylib in Frameworks */ = {isa = PBXBuildFile; fileRef = B597A8CB251A441A0064C44E /* libopencv_imgproc.4.2.0.dylib */; };
		B597A92C251A441B0064C44E /* libopencv_imgproc.4.2.0.dylib in Frameworks */ = {isa = PBXBuildFile; fileRef = B597A8CB251A441A0064C44E /* libopencv_imgproc.4.2.0.dylib */; };
		B597A92D251A441B0064C44E /* libopencv_quality.4.2.0.dylib in Frameworks */ = {isa = PBXBuildFile; fileRef = B597A8CC251A441A0064C44E /* libopencv_quality.4.2.0.dylib */; };
		B597A92E251A441B0064C44E /* libopencv_quality.4.2.0.dylib in Frameworks */ = {isa = PBXBuildFile; fileRef = B597A8CC251A441A0064C44E /* libopencv_quality.4.2.0.dylib */; };
		B597A92F251A441B0064C44E /* libopencv_quality.4.2.0.dylib in Frameworks */ = {isa = PBXBuildFile; fileRef = B597A8CC251A441A0064C44E /* libopencv_quality.4.2.0.dylib */; };
		B597A930251A441B0064C44E /* libopencv_xphoto.4.2.0.dylib in Frameworks */ = {isa = PBXBuildFile; fileRef = B597A8CD251A441B0064C44E /* libopencv_xphoto.4.2.0.dylib */; };
		B597A931251A441B0064C44E /* libopencv_xphoto.4.2.0.dylib in Frameworks */ = {isa = PBXBuildFile; fileRef = B597A8CD251A441B0064C44E /* libopencv_xphoto.4.2.0.dylib */; };
		B597A932251A441B0064C44E /* libopencv_xphoto.4.2.0.dylib in Frameworks */ = {isa = PBXBuildFile; fileRef = B597A8CD251A441B0064C44E /* libopencv_xphoto.4.2.0.dylib */; };
		B597A933251A441B0064C44E /* libopencv_face.4.2.0.dylib in Frameworks */ = {isa = PBXBuildFile; fileRef = B597A8CE251A441B0064C44E /* libopencv_face.4.2.0.dylib */; };
		B597A934251A441B0064C44E /* libopencv_face.4.2.0.dylib in Frameworks */ = {isa = PBXBuildFile; fileRef = B597A8CE251A441B0064C44E /* libopencv_face.4.2.0.dylib */; };
		B597A935251A441B0064C44E /* libopencv_face.4.2.0.dylib in Frameworks */ = {isa = PBXBuildFile; fileRef = B597A8CE251A441B0064C44E /* libopencv_face.4.2.0.dylib */; };
		B597A936251A441B0064C44E /* libopencv_optflow.4.2.0.dylib in Frameworks */ = {isa = PBXBuildFile; fileRef = B597A8CF251A441B0064C44E /* libopencv_optflow.4.2.0.dylib */; };
		B597A937251A441B0064C44E /* libopencv_optflow.4.2.0.dylib in Frameworks */ = {isa = PBXBuildFile; fileRef = B597A8CF251A441B0064C44E /* libopencv_optflow.4.2.0.dylib */; };
		B597A938251A441B0064C44E /* libopencv_optflow.4.2.0.dylib in Frameworks */ = {isa = PBXBuildFile; fileRef = B597A8CF251A441B0064C44E /* libopencv_optflow.4.2.0.dylib */; };
		B597A939251A441B0064C44E /* libopencv_photo.4.2.0.dylib in Frameworks */ = {isa = PBXBuildFile; fileRef = B597A8D0251A441B0064C44E /* libopencv_photo.4.2.0.dylib */; };
		B597A93A251A441B0064C44E /* libopencv_photo.4.2.0.dylib in Frameworks */ = {isa = PBXBuildFile; fileRef = B597A8D0251A441B0064C44E /* libopencv_photo.4.2.0.dylib */; };
		B597A93B251A441B0064C44E /* libopencv_photo.4.2.0.dylib in Frameworks */ = {isa = PBXBuildFile; fileRef = B597A8D0251A441B0064C44E /* libopencv_photo.4.2.0.dylib */; };
		B597A93C251A441B0064C44E /* libopencv_line_descriptor.4.2.0.dylib in Frameworks */ = {isa = PBXBuildFile; fileRef = B597A8D1251A441B0064C44E /* libopencv_line_descriptor.4.2.0.dylib */; };
		B597A93D251A441B0064C44E /* libopencv_line_descriptor.4.2.0.dylib in Frameworks */ = {isa = PBXBuildFile; fileRef = B597A8D1251A441B0064C44E /* libopencv_line_descriptor.4.2.0.dylib */; };
		B597A93E251A441B0064C44E /* libopencv_line_descriptor.4.2.0.dylib in Frameworks */ = {isa = PBXBuildFile; fileRef = B597A8D1251A441B0064C44E /* libopencv_line_descriptor.4.2.0.dylib */; };
		B597A93F251A441B0064C44E /* libopencv_surface_matching.4.2.0.dylib in Frameworks */ = {isa = PBXBuildFile; fileRef = B597A8D2251A441B0064C44E /* libopencv_surface_matching.4.2.0.dylib */; };
		B597A940251A441B0064C44E /* libopencv_surface_matching.4.2.0.dylib in Frameworks */ = {isa = PBXBuildFile; fileRef = B597A8D2251A441B0064C44E /* libopencv_surface_matching.4.2.0.dylib */; };
		B597A941251A441B0064C44E /* libopencv_surface_matching.4.2.0.dylib in Frameworks */ = {isa = PBXBuildFile; fileRef = B597A8D2251A441B0064C44E /* libopencv_surface_matching.4.2.0.dylib */; };
		B597A942251A441B0064C44E /* libopencv_superres.4.2.0.dylib in Frameworks */ = {isa = PBXBuildFile; fileRef = B597A8D3251A441B0064C44E /* libopencv_superres.4.2.0.dylib */; };
		B597A943251A441B0064C44E /* libopencv_superres.4.2.0.dylib in Frameworks */ = {isa = PBXBuildFile; fileRef = B597A8D3251A441B0064C44E /* libopencv_superres.4.2.0.dylib */; };
		B597A944251A441B0064C44E /* libopencv_superres.4.2.0.dylib in Frameworks */ = {isa = PBXBuildFile; fileRef = B597A8D3251A441B0064C44E /* libopencv_superres.4.2.0.dylib */; };
		B597A945251A441B0064C44E /* libopencv_phase_unwrapping.4.2.0.dylib in Frameworks */ = {isa = PBXBuildFile; fileRef = B597A8D4251A441B0064C44E /* libopencv_phase_unwrapping.4.2.0.dylib */; };
		B597A946251A441B0064C44E /* libopencv_phase_unwrapping.4.2.0.dylib in Frameworks */ = {isa = PBXBuildFile; fileRef = B597A8D4251A441B0064C44E /* libopencv_phase_unwrapping.4.2.0.dylib */; };
		B597A947251A441B0064C44E /* libopencv_phase_unwrapping.4.2.0.dylib in Frameworks */ = {isa = PBXBuildFile; fileRef = B597A8D4251A441B0064C44E /* libopencv_phase_unwrapping.4.2.0.dylib */; };
		B597A948251A441B0064C44E /* libopencv_dnn_superres.4.2.0.dylib in Frameworks */ = {isa = PBXBuildFile; fileRef = B597A8D5251A441B0064C44E /* libopencv_dnn_superres.4.2.0.dylib */; };
		B597A949251A441B0064C44E /* libopencv_dnn_superres.4.2.0.dylib in Frameworks */ = {isa = PBXBuildFile; fileRef = B597A8D5251A441B0064C44E /* libopencv_dnn_superres.4.2.0.dylib */; };
		B597A94A251A441B0064C44E /* libopencv_dnn_superres.4.2.0.dylib in Frameworks */ = {isa = PBXBuildFile; fileRef = B597A8D5251A441B0064C44E /* libopencv_dnn_superres.4.2.0.dylib */; };
		B597A94B251A441B0064C44E /* libopencv_videoio.4.2.0.dylib in Frameworks */ = {isa = PBXBuildFile; fileRef = B597A8D6251A441B0064C44E /* libopencv_videoio.4.2.0.dylib */; };
		B597A94C251A441B0064C44E /* libopencv_videoio.4.2.0.dylib in Frameworks */ = {isa = PBXBuildFile; fileRef = B597A8D6251A441B0064C44E /* libopencv_videoio.4.2.0.dylib */; };
		B597A94D251A441B0064C44E /* libopencv_videoio.4.2.0.dylib in Frameworks */ = {isa = PBXBuildFile; fileRef = B597A8D6251A441B0064C44E /* libopencv_videoio.4.2.0.dylib */; };
		B597A94E251A441B0064C44E /* libopencv_xfeatures2d.4.2.0.dylib in Frameworks */ = {isa = PBXBuildFile; fileRef = B597A8D7251A441B0064C44E /* libopencv_xfeatures2d.4.2.0.dylib */; };
		B597A94F251A441B0064C44E /* libopencv_xfeatures2d.4.2.0.dylib in Frameworks */ = {isa = PBXBuildFile; fileRef = B597A8D7251A441B0064C44E /* libopencv_xfeatures2d.4.2.0.dylib */; };
		B597A950251A441B0064C44E /* libopencv_xfeatures2d.4.2.0.dylib in Frameworks */ = {isa = PBXBuildFile; fileRef = B597A8D7251A441B0064C44E /* libopencv_xfeatures2d.4.2.0.dylib */; };
		B597A951251A441B0064C44E /* libopencv_dnn_objdetect.4.2.0.dylib in Frameworks */ = {isa = PBXBuildFile; fileRef = B597A8D8251A441B0064C44E /* libopencv_dnn_objdetect.4.2.0.dylib */; };
		B597A952251A441B0064C44E /* libopencv_dnn_objdetect.4.2.0.dylib in Frameworks */ = {isa = PBXBuildFile; fileRef = B597A8D8251A441B0064C44E /* libopencv_dnn_objdetect.4.2.0.dylib */; };
		B597A953251A441B0064C44E /* libopencv_dnn_objdetect.4.2.0.dylib in Frameworks */ = {isa = PBXBuildFile; fileRef = B597A8D8251A441B0064C44E /* libopencv_dnn_objdetect.4.2.0.dylib */; };
		B597A954251A441B0064C44E /* libopencv_saliency.4.2.0.dylib in Frameworks */ = {isa = PBXBuildFile; fileRef = B597A8D9251A441B0064C44E /* libopencv_saliency.4.2.0.dylib */; };
		B597A955251A441B0064C44E /* libopencv_saliency.4.2.0.dylib in Frameworks */ = {isa = PBXBuildFile; fileRef = B597A8D9251A441B0064C44E /* libopencv_saliency.4.2.0.dylib */; };
		B597A956251A441B0064C44E /* libopencv_saliency.4.2.0.dylib in Frameworks */ = {isa = PBXBuildFile; fileRef = B597A8D9251A441B0064C44E /* libopencv_saliency.4.2.0.dylib */; };
		B597A957251A441B0064C44E /* libopencv_xobjdetect.4.2.0.dylib in Frameworks */ = {isa = PBXBuildFile; fileRef = B597A8DA251A441B0064C44E /* libopencv_xobjdetect.4.2.0.dylib */; };
		B597A958251A441B0064C44E /* libopencv_xobjdetect.4.2.0.dylib in Frameworks */ = {isa = PBXBuildFile; fileRef = B597A8DA251A441B0064C44E /* libopencv_xobjdetect.4.2.0.dylib */; };
		B597A959251A441B0064C44E /* libopencv_xobjdetect.4.2.0.dylib in Frameworks */ = {isa = PBXBuildFile; fileRef = B597A8DA251A441B0064C44E /* libopencv_xobjdetect.4.2.0.dylib */; };
		B597A95A251A441B0064C44E /* libopencv_hfs.4.2.0.dylib in Frameworks */ = {isa = PBXBuildFile; fileRef = B597A8DB251A441B0064C44E /* libopencv_hfs.4.2.0.dylib */; };
		B597A95B251A441B0064C44E /* libopencv_hfs.4.2.0.dylib in Frameworks */ = {isa = PBXBuildFile; fileRef = B597A8DB251A441B0064C44E /* libopencv_hfs.4.2.0.dylib */; };
		B597A95C251A441B0064C44E /* libopencv_hfs.4.2.0.dylib in Frameworks */ = {isa = PBXBuildFile; fileRef = B597A8DB251A441B0064C44E /* libopencv_hfs.4.2.0.dylib */; };
		B597A95D251A441B0064C44E /* libopencv_rgbd.4.2.0.dylib in Frameworks */ = {isa = PBXBuildFile; fileRef = B597A8DC251A441B0064C44E /* libopencv_rgbd.4.2.0.dylib */; };
		B597A95E251A441B0064C44E /* libopencv_rgbd.4.2.0.dylib in Frameworks */ = {isa = PBXBuildFile; fileRef = B597A8DC251A441B0064C44E /* libopencv_rgbd.4.2.0.dylib */; };
		B597A95F251A441B0064C44E /* libopencv_rgbd.4.2.0.dylib in Frameworks */ = {isa = PBXBuildFile; fileRef = B597A8DC251A441B0064C44E /* libopencv_rgbd.4.2.0.dylib */; };
		B597A960251A441B0064C44E /* libopencv_bgsegm.4.2.0.dylib in Frameworks */ = {isa = PBXBuildFile; fileRef = B597A8DD251A441B0064C44E /* libopencv_bgsegm.4.2.0.dylib */; };
		B597A961251A441B0064C44E /* libopencv_bgsegm.4.2.0.dylib in Frameworks */ = {isa = PBXBuildFile; fileRef = B597A8DD251A441B0064C44E /* libopencv_bgsegm.4.2.0.dylib */; };
		B597A962251A441B0064C44E /* libopencv_bgsegm.4.2.0.dylib in Frameworks */ = {isa = PBXBuildFile; fileRef = B597A8DD251A441B0064C44E /* libopencv_bgsegm.4.2.0.dylib */; };
		B597A963251A441B0064C44E /* libopencv_gapi.4.2.0.dylib in Frameworks */ = {isa = PBXBuildFile; fileRef = B597A8DE251A441B0064C44E /* libopencv_gapi.4.2.0.dylib */; };
		B597A964251A441B0064C44E /* libopencv_gapi.4.2.0.dylib in Frameworks */ = {isa = PBXBuildFile; fileRef = B597A8DE251A441B0064C44E /* libopencv_gapi.4.2.0.dylib */; };
		B597A965251A441B0064C44E /* libopencv_gapi.4.2.0.dylib in Frameworks */ = {isa = PBXBuildFile; fileRef = B597A8DE251A441B0064C44E /* libopencv_gapi.4.2.0.dylib */; };
		B597A966251A441B0064C44E /* libopencv_video.4.2.0.dylib in Frameworks */ = {isa = PBXBuildFile; fileRef = B597A8DF251A441B0064C44E /* libopencv_video.4.2.0.dylib */; };
		B597A967251A441B0064C44E /* libopencv_video.4.2.0.dylib in Frameworks */ = {isa = PBXBuildFile; fileRef = B597A8DF251A441B0064C44E /* libopencv_video.4.2.0.dylib */; };
		B597A968251A441B0064C44E /* libopencv_video.4.2.0.dylib in Frameworks */ = {isa = PBXBuildFile; fileRef = B597A8DF251A441B0064C44E /* libopencv_video.4.2.0.dylib */; };
		B597A969251A441B0064C44E /* libopencv_stitching.4.2.0.dylib in Frameworks */ = {isa = PBXBuildFile; fileRef = B597A8E0251A441B0064C44E /* libopencv_stitching.4.2.0.dylib */; };
		B597A96A251A441B0064C44E /* libopencv_stitching.4.2.0.dylib in Frameworks */ = {isa = PBXBuildFile; fileRef = B597A8E0251A441B0064C44E /* libopencv_stitching.4.2.0.dylib */; };
		B597A96B251A441B0064C44E /* libopencv_stitching.4.2.0.dylib in Frameworks */ = {isa = PBXBuildFile; fileRef = B597A8E0251A441B0064C44E /* libopencv_stitching.4.2.0.dylib */; };
		B597A96C251A441B0064C44E /* libopencv_img_hash.4.2.0.dylib in Frameworks */ = {isa = PBXBuildFile; fileRef = B597A8E1251A441B0064C44E /* libopencv_img_hash.4.2.0.dylib */; };
		B597A96D251A441B0064C44E /* libopencv_img_hash.4.2.0.dylib in Frameworks */ = {isa = PBXBuildFile; fileRef = B597A8E1251A441B0064C44E /* libopencv_img_hash.4.2.0.dylib */; };
		B597A96E251A441B0064C44E /* libopencv_img_hash.4.2.0.dylib in Frameworks */ = {isa = PBXBuildFile; fileRef = B597A8E1251A441B0064C44E /* libopencv_img_hash.4.2.0.dylib */; };
		B597A96F251A441B0064C44E /* libopencv_text.4.2.0.dylib in Frameworks */ = {isa = PBXBuildFile; fileRef = B597A8E2251A441B0064C44E /* libopencv_text.4.2.0.dylib */; };
		B597A970251A441B0064C44E /* libopencv_text.4.2.0.dylib in Frameworks */ = {isa = PBXBuildFile; fileRef = B597A8E2251A441B0064C44E /* libopencv_text.4.2.0.dylib */; };
		B597A971251A441B0064C44E /* libopencv_text.4.2.0.dylib in Frameworks */ = {isa = PBXBuildFile; fileRef = B597A8E2251A441B0064C44E /* libopencv_text.4.2.0.dylib */; };
		B597A972251A441B0064C44E /* libopencv_sfm.4.2.0.dylib in Frameworks */ = {isa = PBXBuildFile; fileRef = B597A8E3251A441B0064C44E /* libopencv_sfm.4.2.0.dylib */; };
		B597A973251A441B0064C44E /* libopencv_sfm.4.2.0.dylib in Frameworks */ = {isa = PBXBuildFile; fileRef = B597A8E3251A441B0064C44E /* libopencv_sfm.4.2.0.dylib */; };
		B597A974251A441B0064C44E /* libopencv_sfm.4.2.0.dylib in Frameworks */ = {isa = PBXBuildFile; fileRef = B597A8E3251A441B0064C44E /* libopencv_sfm.4.2.0.dylib */; };
		B597A975251A441B0064C44E /* libopencv_calib3d.4.2.0.dylib in Frameworks */ = {isa = PBXBuildFile; fileRef = B597A8E4251A441B0064C44E /* libopencv_calib3d.4.2.0.dylib */; };
		B597A976251A441B0064C44E /* libopencv_calib3d.4.2.0.dylib in Frameworks */ = {isa = PBXBuildFile; fileRef = B597A8E4251A441B0064C44E /* libopencv_calib3d.4.2.0.dylib */; };
		B597A977251A441B0064C44E /* libopencv_calib3d.4.2.0.dylib in Frameworks */ = {isa = PBXBuildFile; fileRef = B597A8E4251A441B0064C44E /* libopencv_calib3d.4.2.0.dylib */; };
/* End PBXBuildFile section */

/* Begin PBXCopyFilesBuildPhase section */
		B54B9B12253C03A100EC02B3 /* CopyFiles */ = {
			isa = PBXCopyFilesBuildPhase;
			buildActionMask = 2147483647;
			dstPath = /usr/share/man/man1/;
			dstSubfolderSpec = 0;
			files = (
			);
			runOnlyForDeploymentPostprocessing = 1;
		};
		B597A85A2519068D0064C44E /* CopyFiles */ = {
			isa = PBXCopyFilesBuildPhase;
			buildActionMask = 2147483647;
			dstPath = /usr/share/man/man1/;
			dstSubfolderSpec = 0;
			files = (
			);
			runOnlyForDeploymentPostprocessing = 1;
		};
		B597A869251906B30064C44E /* CopyFiles */ = {
			isa = PBXCopyFilesBuildPhase;
			buildActionMask = 2147483647;
			dstPath = /usr/share/man/man1/;
			dstSubfolderSpec = 0;
			files = (
			);
			runOnlyForDeploymentPostprocessing = 1;
		};
		B597A878251907490064C44E /* CopyFiles */ = {
			isa = PBXCopyFilesBuildPhase;
			buildActionMask = 2147483647;
			dstPath = /usr/share/man/man1/;
			dstSubfolderSpec = 0;
			files = (
			);
			runOnlyForDeploymentPostprocessing = 1;
		};
/* End PBXCopyFilesBuildPhase section */

/* Begin PBXFileReference section */
		B54B9B14253C03A100EC02B3 /* pa2 */ = {isa = PBXFileReference; explicitFileType = "compiled.mach-o.executable"; includeInIndex = 0; path = pa2; sourceTree = BUILT_PRODUCTS_DIR; };
		B54B9B23253C040400EC02B3 /* global.hpp */ = {isa = PBXFileReference; fileEncoding = 4; lastKnownFileType = sourcecode.cpp.h; path = global.hpp; sourceTree = "<group>"; };
		B54B9B24253C040400EC02B3 /* Triangle.hpp */ = {isa = PBXFileReference; fileEncoding = 4; lastKnownFileType = sourcecode.cpp.h; path = Triangle.hpp; sourceTree = "<group>"; };
		B54B9B25253C040400EC02B3 /* rasterizer.cpp */ = {isa = PBXFileReference; fileEncoding = 4; lastKnownFileType = sourcecode.cpp.cpp; path = rasterizer.cpp; sourceTree = "<group>"; };
		B54B9B26253C040400EC02B3 /* rasterizer.hpp */ = {isa = PBXFileReference; fileEncoding = 4; lastKnownFileType = sourcecode.cpp.h; path = rasterizer.hpp; sourceTree = "<group>"; };
		B54B9B27253C040400EC02B3 /* Triangle.cpp */ = {isa = PBXFileReference; fileEncoding = 4; lastKnownFileType = sourcecode.cpp.cpp; path = Triangle.cpp; sourceTree = "<group>"; };
		B54B9B28253C040400EC02B3 /* CMakeLists.txt */ = {isa = PBXFileReference; fileEncoding = 4; lastKnownFileType = text; path = CMakeLists.txt; sourceTree = "<group>"; };
		B54B9B29253C040400EC02B3 /* main.cpp */ = {isa = PBXFileReference; fileEncoding = 4; lastKnownFileType = sourcecode.cpp.cpp; path = main.cpp; sourceTree = "<group>"; };
		B597A85C2519068D0064C44E /* games101 */ = {isa = PBXFileReference; explicitFileType = "compiled.mach-o.executable"; includeInIndex = 0; path = games101; sourceTree = BUILT_PRODUCTS_DIR; };
		B597A86B251906B30064C44E /* pa0 */ = {isa = PBXFileReference; explicitFileType = "compiled.mach-o.executable"; includeInIndex = 0; path = pa0; sourceTree = BUILT_PRODUCTS_DIR; };
		B597A86D251906B30064C44E /* main.cpp */ = {isa = PBXFileReference; lastKnownFileType = sourcecode.cpp.cpp; path = main.cpp; sourceTree = "<group>"; };
		B597A87A251907490064C44E /* pa1 */ = {isa = PBXFileReference; explicitFileType = "compiled.mach-o.executable"; includeInIndex = 0; path = pa1; sourceTree = BUILT_PRODUCTS_DIR; };
		B597A887251907770064C44E /* rasterizer.hpp */ = {isa = PBXFileReference; fileEncoding = 4; lastKnownFileType = sourcecode.cpp.h; path = rasterizer.hpp; sourceTree = "<group>"; };
		B597A888251907770064C44E /* rasterizer.cpp */ = {isa = PBXFileReference; fileEncoding = 4; lastKnownFileType = sourcecode.cpp.cpp; path = rasterizer.cpp; sourceTree = "<group>"; };
		B597A889251907770064C44E /* Triangle.cpp */ = {isa = PBXFileReference; fileEncoding = 4; lastKnownFileType = sourcecode.cpp.cpp; path = Triangle.cpp; sourceTree = "<group>"; };
		B597A88A251907770064C44E /* Triangle.hpp */ = {isa = PBXFileReference; fileEncoding = 4; lastKnownFileType = sourcecode.cpp.h; path = Triangle.hpp; sourceTree = "<group>"; };
		B597A89F25190B6E0064C44E /* main.cpp */ = {isa = PBXFileReference; fileEncoding = 4; lastKnownFileType = sourcecode.cpp.cpp; path = main.cpp; sourceTree = "<group>"; };
		B597A8B4251A441A0064C44E /* libopencv_ximgproc.4.2.0.dylib */ = {isa = PBXFileReference; lastKnownFileType = "compiled.mach-o.dylib"; name = libopencv_ximgproc.4.2.0.dylib; path = ../../../../../../usr/local/Cellar/opencv/4.2.0_3/lib/libopencv_ximgproc.4.2.0.dylib; sourceTree = "<group>"; };
		B597A8B5251A441A0064C44E /* libopencv_reg.4.2.0.dylib */ = {isa = PBXFileReference; lastKnownFileType = "compiled.mach-o.dylib"; name = libopencv_reg.4.2.0.dylib; path = ../../../../../../usr/local/Cellar/opencv/4.2.0_3/lib/libopencv_reg.4.2.0.dylib; sourceTree = "<group>"; };
		B597A8B6251A441A0064C44E /* libopencv_ml.4.2.0.dylib */ = {isa = PBXFileReference; lastKnownFileType = "compiled.mach-o.dylib"; name = libopencv_ml.4.2.0.dylib; path = ../../../../../../usr/local/Cellar/opencv/4.2.0_3/lib/libopencv_ml.4.2.0.dylib; sourceTree = "<group>"; };
		B597A8B7251A441A0064C44E /* libopencv_stereo.4.2.0.dylib */ = {isa = PBXFileReference; lastKnownFileType = "compiled.mach-o.dylib"; name = libopencv_stereo.4.2.0.dylib; path = ../../../../../../usr/local/Cellar/opencv/4.2.0_3/lib/libopencv_stereo.4.2.0.dylib; sourceTree = "<group>"; };
		B597A8B8251A441A0064C44E /* libopencv_aruco.4.2.0.dylib */ = {isa = PBXFileReference; lastKnownFileType = "compiled.mach-o.dylib"; name = libopencv_aruco.4.2.0.dylib; path = ../../../../../../usr/local/Cellar/opencv/4.2.0_3/lib/libopencv_aruco.4.2.0.dylib; sourceTree = "<group>"; };
		B597A8B9251A441A0064C44E /* libopencv_tracking.4.2.0.dylib */ = {isa = PBXFileReference; lastKnownFileType = "compiled.mach-o.dylib"; name = libopencv_tracking.4.2.0.dylib; path = ../../../../../../usr/local/Cellar/opencv/4.2.0_3/lib/libopencv_tracking.4.2.0.dylib; sourceTree = "<group>"; };
		B597A8BA251A441A0064C44E /* libopencv_dnn.4.2.0.dylib */ = {isa = PBXFileReference; lastKnownFileType = "compiled.mach-o.dylib"; name = libopencv_dnn.4.2.0.dylib; path = ../../../../../../usr/local/Cellar/opencv/4.2.0_3/lib/libopencv_dnn.4.2.0.dylib; sourceTree = "<group>"; };
		B597A8BB251A441A0064C44E /* libopencv_dpm.4.2.0.dylib */ = {isa = PBXFileReference; lastKnownFileType = "compiled.mach-o.dylib"; name = libopencv_dpm.4.2.0.dylib; path = ../../../../../../usr/local/Cellar/opencv/4.2.0_3/lib/libopencv_dpm.4.2.0.dylib; sourceTree = "<group>"; };
		B597A8BC251A441A0064C44E /* libopencv_freetype.4.2.0.dylib */ = {isa = PBXFileReference; lastKnownFileType = "compiled.mach-o.dylib"; name = libopencv_freetype.4.2.0.dylib; path = ../../../../../../usr/local/Cellar/opencv/4.2.0_3/lib/libopencv_freetype.4.2.0.dylib; sourceTree = "<group>"; };
		B597A8BD251A441A0064C44E /* libopencv_imgcodecs.4.2.0.dylib */ = {isa = PBXFileReference; lastKnownFileType = "compiled.mach-o.dylib"; name = libopencv_imgcodecs.4.2.0.dylib; path = ../../../../../../usr/local/Cellar/opencv/4.2.0_3/lib/libopencv_imgcodecs.4.2.0.dylib; sourceTree = "<group>"; };
		B597A8BE251A441A0064C44E /* libopencv_datasets.4.2.0.dylib */ = {isa = PBXFileReference; lastKnownFileType = "compiled.mach-o.dylib"; name = libopencv_datasets.4.2.0.dylib; path = ../../../../../../usr/local/Cellar/opencv/4.2.0_3/lib/libopencv_datasets.4.2.0.dylib; sourceTree = "<group>"; };
		B597A8BF251A441A0064C44E /* libopencv_fuzzy.4.2.0.dylib */ = {isa = PBXFileReference; lastKnownFileType = "compiled.mach-o.dylib"; name = libopencv_fuzzy.4.2.0.dylib; path = ../../../../../../usr/local/Cellar/opencv/4.2.0_3/lib/libopencv_fuzzy.4.2.0.dylib; sourceTree = "<group>"; };
		B597A8C0251A441A0064C44E /* libopencv_structured_light.4.2.0.dylib */ = {isa = PBXFileReference; lastKnownFileType = "compiled.mach-o.dylib"; name = libopencv_structured_light.4.2.0.dylib; path = ../../../../../../usr/local/Cellar/opencv/4.2.0_3/lib/libopencv_structured_light.4.2.0.dylib; sourceTree = "<group>"; };
		B597A8C1251A441A0064C44E /* libopencv_flann.4.2.0.dylib */ = {isa = PBXFileReference; lastKnownFileType = "compiled.mach-o.dylib"; name = libopencv_flann.4.2.0.dylib; path = ../../../../../../usr/local/Cellar/opencv/4.2.0_3/lib/libopencv_flann.4.2.0.dylib; sourceTree = "<group>"; };
		B597A8C2251A441A0064C44E /* libopencv_bioinspired.4.2.0.dylib */ = {isa = PBXFileReference; lastKnownFileType = "compiled.mach-o.dylib"; name = libopencv_bioinspired.4.2.0.dylib; path = ../../../../../../usr/local/Cellar/opencv/4.2.0_3/lib/libopencv_bioinspired.4.2.0.dylib; sourceTree = "<group>"; };
		B597A8C3251A441A0064C44E /* libopencv_ccalib.4.2.0.dylib */ = {isa = PBXFileReference; lastKnownFileType = "compiled.mach-o.dylib"; name = libopencv_ccalib.4.2.0.dylib; path = ../../../../../../usr/local/Cellar/opencv/4.2.0_3/lib/libopencv_ccalib.4.2.0.dylib; sourceTree = "<group>"; };
		B597A8C4251A441A0064C44E /* libopencv_plot.4.2.0.dylib */ = {isa = PBXFileReference; lastKnownFileType = "compiled.mach-o.dylib"; name = libopencv_plot.4.2.0.dylib; path = ../../../../../../usr/local/Cellar/opencv/4.2.0_3/lib/libopencv_plot.4.2.0.dylib; sourceTree = "<group>"; };
		B597A8C5251A441A0064C44E /* libopencv_core.4.2.0.dylib */ = {isa = PBXFileReference; lastKnownFileType = "compiled.mach-o.dylib"; name = libopencv_core.4.2.0.dylib; path = ../../../../../../usr/local/Cellar/opencv/4.2.0_3/lib/libopencv_core.4.2.0.dylib; sourceTree = "<group>"; };
		B597A8C6251A441A0064C44E /* libopencv_shape.4.2.0.dylib */ = {isa = PBXFileReference; lastKnownFileType = "compiled.mach-o.dylib"; name = libopencv_shape.4.2.0.dylib; path = ../../../../../../usr/local/Cellar/opencv/4.2.0_3/lib/libopencv_shape.4.2.0.dylib; sourceTree = "<group>"; };
		B597A8C7251A441A0064C44E /* libopencv_highgui.4.2.0.dylib */ = {isa = PBXFileReference; lastKnownFileType = "compiled.mach-o.dylib"; name = libopencv_highgui.4.2.0.dylib; path = ../../../../../../usr/local/Cellar/opencv/4.2.0_3/lib/libopencv_highgui.4.2.0.dylib; sourceTree = "<group>"; };
		B597A8C8251A441A0064C44E /* libopencv_objdetect.4.2.0.dylib */ = {isa = PBXFileReference; lastKnownFileType = "compiled.mach-o.dylib"; name = libopencv_objdetect.4.2.0.dylib; path = ../../../../../../usr/local/Cellar/opencv/4.2.0_3/lib/libopencv_objdetect.4.2.0.dylib; sourceTree = "<group>"; };
		B597A8C9251A441A0064C44E /* libopencv_features2d.4.2.0.dylib */ = {isa = PBXFileReference; lastKnownFileType = "compiled.mach-o.dylib"; name = libopencv_features2d.4.2.0.dylib; path = ../../../../../../usr/local/Cellar/opencv/4.2.0_3/lib/libopencv_features2d.4.2.0.dylib; sourceTree = "<group>"; };
		B597A8CA251A441A0064C44E /* libopencv_videostab.4.2.0.dylib */ = {isa = PBXFileReference; lastKnownFileType = "compiled.mach-o.dylib"; name = libopencv_videostab.4.2.0.dylib; path = ../../../../../../usr/local/Cellar/opencv/4.2.0_3/lib/libopencv_videostab.4.2.0.dylib; sourceTree = "<group>"; };
		B597A8CB251A441A0064C44E /* libopencv_imgproc.4.2.0.dylib */ = {isa = PBXFileReference; lastKnownFileType = "compiled.mach-o.dylib"; name = libopencv_imgproc.4.2.0.dylib; path = ../../../../../../usr/local/Cellar/opencv/4.2.0_3/lib/libopencv_imgproc.4.2.0.dylib; sourceTree = "<group>"; };
		B597A8CC251A441A0064C44E /* libopencv_quality.4.2.0.dylib */ = {isa = PBXFileReference; lastKnownFileType = "compiled.mach-o.dylib"; name = libopencv_quality.4.2.0.dylib; path = ../../../../../../usr/local/Cellar/opencv/4.2.0_3/lib/libopencv_quality.4.2.0.dylib; sourceTree = "<group>"; };
		B597A8CD251A441B0064C44E /* libopencv_xphoto.4.2.0.dylib */ = {isa = PBXFileReference; lastKnownFileType = "compiled.mach-o.dylib"; name = libopencv_xphoto.4.2.0.dylib; path = ../../../../../../usr/local/Cellar/opencv/4.2.0_3/lib/libopencv_xphoto.4.2.0.dylib; sourceTree = "<group>"; };
		B597A8CE251A441B0064C44E /* libopencv_face.4.2.0.dylib */ = {isa = PBXFileReference; lastKnownFileType = "compiled.mach-o.dylib"; name = libopencv_face.4.2.0.dylib; path = ../../../../../../usr/local/Cellar/opencv/4.2.0_3/lib/libopencv_face.4.2.0.dylib; sourceTree = "<group>"; };
		B597A8CF251A441B0064C44E /* libopencv_optflow.4.2.0.dylib */ = {isa = PBXFileReference; lastKnownFileType = "compiled.mach-o.dylib"; name = libopencv_optflow.4.2.0.dylib; path = ../../../../../../usr/local/Cellar/opencv/4.2.0_3/lib/libopencv_optflow.4.2.0.dylib; sourceTree = "<group>"; };
		B597A8D0251A441B0064C44E /* libopencv_photo.4.2.0.dylib */ = {isa = PBXFileReference; lastKnownFileType = "compiled.mach-o.dylib"; name = libopencv_photo.4.2.0.dylib; path = ../../../../../../usr/local/Cellar/opencv/4.2.0_3/lib/libopencv_photo.4.2.0.dylib; sourceTree = "<group>"; };
		B597A8D1251A441B0064C44E /* libopencv_line_descriptor.4.2.0.dylib */ = {isa = PBXFileReference; lastKnownFileType = "compiled.mach-o.dylib"; name = libopencv_line_descriptor.4.2.0.dylib; path = ../../../../../../usr/local/Cellar/opencv/4.2.0_3/lib/libopencv_line_descriptor.4.2.0.dylib; sourceTree = "<group>"; };
		B597A8D2251A441B0064C44E /* libopencv_surface_matching.4.2.0.dylib */ = {isa = PBXFileReference; lastKnownFileType = "compiled.mach-o.dylib"; name = libopencv_surface_matching.4.2.0.dylib; path = ../../../../../../usr/local/Cellar/opencv/4.2.0_3/lib/libopencv_surface_matching.4.2.0.dylib; sourceTree = "<group>"; };
		B597A8D3251A441B0064C44E /* libopencv_superres.4.2.0.dylib */ = {isa = PBXFileReference; lastKnownFileType = "compiled.mach-o.dylib"; name = libopencv_superres.4.2.0.dylib; path = ../../../../../../usr/local/Cellar/opencv/4.2.0_3/lib/libopencv_superres.4.2.0.dylib; sourceTree = "<group>"; };
		B597A8D4251A441B0064C44E /* libopencv_phase_unwrapping.4.2.0.dylib */ = {isa = PBXFileReference; lastKnownFileType = "compiled.mach-o.dylib"; name = libopencv_phase_unwrapping.4.2.0.dylib; path = ../../../../../../usr/local/Cellar/opencv/4.2.0_3/lib/libopencv_phase_unwrapping.4.2.0.dylib; sourceTree = "<group>"; };
		B597A8D5251A441B0064C44E /* libopencv_dnn_superres.4.2.0.dylib */ = {isa = PBXFileReference; lastKnownFileType = "compiled.mach-o.dylib"; name = libopencv_dnn_superres.4.2.0.dylib; path = ../../../../../../usr/local/Cellar/opencv/4.2.0_3/lib/libopencv_dnn_superres.4.2.0.dylib; sourceTree = "<group>"; };
		B597A8D6251A441B0064C44E /* libopencv_videoio.4.2.0.dylib */ = {isa = PBXFileReference; lastKnownFileType = "compiled.mach-o.dylib"; name = libopencv_videoio.4.2.0.dylib; path = ../../../../../../usr/local/Cellar/opencv/4.2.0_3/lib/libopencv_videoio.4.2.0.dylib; sourceTree = "<group>"; };
		B597A8D7251A441B0064C44E /* libopencv_xfeatures2d.4.2.0.dylib */ = {isa = PBXFileReference; lastKnownFileType = "compiled.mach-o.dylib"; name = libopencv_xfeatures2d.4.2.0.dylib; path = ../../../../../../usr/local/Cellar/opencv/4.2.0_3/lib/libopencv_xfeatures2d.4.2.0.dylib; sourceTree = "<group>"; };
		B597A8D8251A441B0064C44E /* libopencv_dnn_objdetect.4.2.0.dylib */ = {isa = PBXFileReference; lastKnownFileType = "compiled.mach-o.dylib"; name = libopencv_dnn_objdetect.4.2.0.dylib; path = ../../../../../../usr/local/Cellar/opencv/4.2.0_3/lib/libopencv_dnn_objdetect.4.2.0.dylib; sourceTree = "<group>"; };
		B597A8D9251A441B0064C44E /* libopencv_saliency.4.2.0.dylib */ = {isa = PBXFileReference; lastKnownFileType = "compiled.mach-o.dylib"; name = libopencv_saliency.4.2.0.dylib; path = ../../../../../../usr/local/Cellar/opencv/4.2.0_3/lib/libopencv_saliency.4.2.0.dylib; sourceTree = "<group>"; };
		B597A8DA251A441B0064C44E /* libopencv_xobjdetect.4.2.0.dylib */ = {isa = PBXFileReference; lastKnownFileType = "compiled.mach-o.dylib"; name = libopencv_xobjdetect.4.2.0.dylib; path = ../../../../../../usr/local/Cellar/opencv/4.2.0_3/lib/libopencv_xobjdetect.4.2.0.dylib; sourceTree = "<group>"; };
		B597A8DB251A441B0064C44E /* libopencv_hfs.4.2.0.dylib */ = {isa = PBXFileReference; lastKnownFileType = "compiled.mach-o.dylib"; name = libopencv_hfs.4.2.0.dylib; path = ../../../../../../usr/local/Cellar/opencv/4.2.0_3/lib/libopencv_hfs.4.2.0.dylib; sourceTree = "<group>"; };
		B597A8DC251A441B0064C44E /* libopencv_rgbd.4.2.0.dylib */ = {isa = PBXFileReference; lastKnownFileType = "compiled.mach-o.dylib"; name = libopencv_rgbd.4.2.0.dylib; path = ../../../../../../usr/local/Cellar/opencv/4.2.0_3/lib/libopencv_rgbd.4.2.0.dylib; sourceTree = "<group>"; };
		B597A8DD251A441B0064C44E /* libopencv_bgsegm.4.2.0.dylib */ = {isa = PBXFileReference; lastKnownFileType = "compiled.mach-o.dylib"; name = libopencv_bgsegm.4.2.0.dylib; path = ../../../../../../usr/local/Cellar/opencv/4.2.0_3/lib/libopencv_bgsegm.4.2.0.dylib; sourceTree = "<group>"; };
		B597A8DE251A441B0064C44E /* libopencv_gapi.4.2.0.dylib */ = {isa = PBXFileReference; lastKnownFileType = "compiled.mach-o.dylib"; name = libopencv_gapi.4.2.0.dylib; path = ../../../../../../usr/local/Cellar/opencv/4.2.0_3/lib/libopencv_gapi.4.2.0.dylib; sourceTree = "<group>"; };
		B597A8DF251A441B0064C44E /* libopencv_video.4.2.0.dylib */ = {isa = PBXFileReference; lastKnownFileType = "compiled.mach-o.dylib"; name = libopencv_video.4.2.0.dylib; path = ../../../../../../usr/local/Cellar/opencv/4.2.0_3/lib/libopencv_video.4.2.0.dylib; sourceTree = "<group>"; };
		B597A8E0251A441B0064C44E /* libopencv_stitching.4.2.0.dylib */ = {isa = PBXFileReference; lastKnownFileType = "compiled.mach-o.dylib"; name = libopencv_stitching.4.2.0.dylib; path = ../../../../../../usr/local/Cellar/opencv/4.2.0_3/lib/libopencv_stitching.4.2.0.dylib; sourceTree = "<group>"; };
		B597A8E1251A441B0064C44E /* libopencv_img_hash.4.2.0.dylib */ = {isa = PBXFileReference; lastKnownFileType = "compiled.mach-o.dylib"; name = libopencv_img_hash.4.2.0.dylib; path = ../../../../../../usr/local/Cellar/opencv/4.2.0_3/lib/libopencv_img_hash.4.2.0.dylib; sourceTree = "<group>"; };
		B597A8E2251A441B0064C44E /* libopencv_text.4.2.0.dylib */ = {isa = PBXFileReference; lastKnownFileType = "compiled.mach-o.dylib"; name = libopencv_text.4.2.0.dylib; path = ../../../../../../usr/local/Cellar/opencv/4.2.0_3/lib/libopencv_text.4.2.0.dylib; sourceTree = "<group>"; };
		B597A8E3251A441B0064C44E /* libopencv_sfm.4.2.0.dylib */ = {isa = PBXFileReference; lastKnownFileType = "compiled.mach-o.dylib"; name = libopencv_sfm.4.2.0.dylib; path = ../../../../../../usr/local/Cellar/opencv/4.2.0_3/lib/libopencv_sfm.4.2.0.dylib; sourceTree = "<group>"; };
		B597A8E4251A441B0064C44E /* libopencv_calib3d.4.2.0.dylib */ = {isa = PBXFileReference; lastKnownFileType = "compiled.mach-o.dylib"; name = libopencv_calib3d.4.2.0.dylib; path = ../../../../../../usr/local/Cellar/opencv/4.2.0_3/lib/libopencv_calib3d.4.2.0.dylib; sourceTree = "<group>"; };
/* End PBXFileReference section */

/* Begin PBXFrameworksBuildPhase section */
		B54B9B11253C03A100EC02B3 /* Frameworks */ = {
			isa = PBXFrameworksBuildPhase;
			buildActionMask = 2147483647;
			files = (
				B54B9B5C253C04AC00EC02B3 /* libopencv_rgbd.4.2.0.dylib in Frameworks */,
				B54B9B61253C04AC00EC02B3 /* libopencv_xphoto.4.2.0.dylib in Frameworks */,
				B54B9B32253C04AC00EC02B3 /* libopencv_bgsegm.4.2.0.dylib in Frameworks */,
				B54B9B40253C04AC00EC02B3 /* libopencv_dnn_superres.4.2.0.dylib in Frameworks */,
				B54B9B5A253C04AC00EC02B3 /* libopencv_line_descriptor.4.2.0.dylib in Frameworks */,
				B54B9B57253C04AC00EC02B3 /* libopencv_shape.4.2.0.dylib in Frameworks */,
				B54B9B60253C04AC00EC02B3 /* libopencv_structured_light.4.2.0.dylib in Frameworks */,
				B54B9B3F253C04AC00EC02B3 /* libopencv_stitching.4.2.0.dylib in Frameworks */,
				B54B9B51253C04AC00EC02B3 /* libopencv_fuzzy.4.2.0.dylib in Frameworks */,
				B54B9B3D253C04AC00EC02B3 /* libopencv_freetype.4.2.0.dylib in Frameworks */,
				B54B9B52253C04AC00EC02B3 /* libopencv_ccalib.4.2.0.dylib in Frameworks */,
				B54B9B3A253C04AC00EC02B3 /* libopencv_dnn_objdetect.4.2.0.dylib in Frameworks */,
				B54B9B4D253C04AC00EC02B3 /* libopencv_tracking.4.2.0.dylib in Frameworks */,
				B54B9B4B253C04AC00EC02B3 /* libopencv_aruco.4.2.0.dylib in Frameworks */,
				B54B9B31253C04AC00EC02B3 /* libopencv_reg.4.2.0.dylib in Frameworks */,
				B54B9B5B253C04AC00EC02B3 /* libopencv_phase_unwrapping.4.2.0.dylib in Frameworks */,
				B54B9B41253C04AC00EC02B3 /* libopencv_superres.4.2.0.dylib in Frameworks */,
				B54B9B5D253C04AC00EC02B3 /* libopencv_highgui.4.2.0.dylib in Frameworks */,
				B54B9B3E253C04AC00EC02B3 /* libopencv_objdetect.4.2.0.dylib in Frameworks */,
				B54B9B4C253C04AC00EC02B3 /* libopencv_dpm.4.2.0.dylib in Frameworks */,
				B54B9B45253C04AC00EC02B3 /* libopencv_imgproc.4.2.0.dylib in Frameworks */,
				B54B9B33253C04AC00EC02B3 /* libopencv_flann.4.2.0.dylib in Frameworks */,
				B54B9B4F253C04AC00EC02B3 /* libopencv_calib3d.4.2.0.dylib in Frameworks */,
				B54B9B35253C04AC00EC02B3 /* libopencv_gapi.4.2.0.dylib in Frameworks */,
				B54B9B5F253C04AC00EC02B3 /* libopencv_hfs.4.2.0.dylib in Frameworks */,
				B54B9B48253C04AC00EC02B3 /* libopencv_optflow.4.2.0.dylib in Frameworks */,
				B54B9B56253C04AC00EC02B3 /* libopencv_features2d.4.2.0.dylib in Frameworks */,
				B54B9B44253C04AC00EC02B3 /* libopencv_xobjdetect.4.2.0.dylib in Frameworks */,
				B54B9B3B253C04AC00EC02B3 /* libopencv_imgcodecs.4.2.0.dylib in Frameworks */,
				B54B9B4E253C04AC00EC02B3 /* libopencv_quality.4.2.0.dylib in Frameworks */,
				B54B9B42253C04AC00EC02B3 /* libopencv_videoio.4.2.0.dylib in Frameworks */,
				B54B9B47253C04AC00EC02B3 /* libopencv_saliency.4.2.0.dylib in Frameworks */,
				B54B9B46253C04AC00EC02B3 /* libopencv_bioinspired.4.2.0.dylib in Frameworks */,
				B54B9B53253C04AC00EC02B3 /* libopencv_stereo.4.2.0.dylib in Frameworks */,
				B54B9B39253C04AC00EC02B3 /* libopencv_ximgproc.4.2.0.dylib in Frameworks */,
				B54B9B58253C04AC00EC02B3 /* libopencv_dnn.4.2.0.dylib in Frameworks */,
				B54B9B54253C04AC00EC02B3 /* libopencv_datasets.4.2.0.dylib in Frameworks */,
				B54B9B38253C04AC00EC02B3 /* libopencv_ml.4.2.0.dylib in Frameworks */,
				B54B9B5E253C04AC00EC02B3 /* libopencv_img_hash.4.2.0.dylib in Frameworks */,
				B54B9B36253C04AC00EC02B3 /* libopencv_sfm.4.2.0.dylib in Frameworks */,
				B54B9B49253C04AC00EC02B3 /* libopencv_surface_matching.4.2.0.dylib in Frameworks */,
				B54B9B43253C04AC00EC02B3 /* libopencv_xfeatures2d.4.2.0.dylib in Frameworks */,
				B54B9B34253C04AC00EC02B3 /* libopencv_videostab.4.2.0.dylib in Frameworks */,
				B54B9B50253C04AC00EC02B3 /* libopencv_plot.4.2.0.dylib in Frameworks */,
				B54B9B3C253C04AC00EC02B3 /* libopencv_core.4.2.0.dylib in Frameworks */,
				B54B9B4A253C04AC00EC02B3 /* libopencv_text.4.2.0.dylib in Frameworks */,
				B54B9B59253C04AC00EC02B3 /* libopencv_photo.4.2.0.dylib in Frameworks */,
				B54B9B55253C04AC00EC02B3 /* libopencv_face.4.2.0.dylib in Frameworks */,
				B54B9B37253C04AC00EC02B3 /* libopencv_video.4.2.0.dylib in Frameworks */,
			);
			runOnlyForDeploymentPostprocessing = 0;
		};
		B597A8592519068D0064C44E /* Frameworks */ = {
			isa = PBXFrameworksBuildPhase;
			buildActionMask = 2147483647;
			files = (
				B597A903251A441B0064C44E /* libopencv_datasets.4.2.0.dylib in Frameworks */,
				B597A966251A441B0064C44E /* libopencv_video.4.2.0.dylib in Frameworks */,
				B597A948251A441B0064C44E /* libopencv_dnn_superres.4.2.0.dylib in Frameworks */,
				B597A900251A441B0064C44E /* libopencv_imgcodecs.4.2.0.dylib in Frameworks */,
				B597A94E251A441B0064C44E /* libopencv_xfeatures2d.4.2.0.dylib in Frameworks */,
				B597A92D251A441B0064C44E /* libopencv_quality.4.2.0.dylib in Frameworks */,
				B597A95A251A441B0064C44E /* libopencv_hfs.4.2.0.dylib in Frameworks */,
				B597A930251A441B0064C44E /* libopencv_xphoto.4.2.0.dylib in Frameworks */,
				B597A915251A441B0064C44E /* libopencv_plot.4.2.0.dylib in Frameworks */,
				B597A960251A441B0064C44E /* libopencv_bgsegm.4.2.0.dylib in Frameworks */,
				B597A8E8251A441B0064C44E /* libopencv_reg.4.2.0.dylib in Frameworks */,
				B597A921251A441B0064C44E /* libopencv_objdetect.4.2.0.dylib in Frameworks */,
				B597A90F251A441B0064C44E /* libopencv_bioinspired.4.2.0.dylib in Frameworks */,
				B597A93C251A441B0064C44E /* libopencv_line_descriptor.4.2.0.dylib in Frameworks */,
				B597A96F251A441B0064C44E /* libopencv_text.4.2.0.dylib in Frameworks */,
				B597A954251A441B0064C44E /* libopencv_saliency.4.2.0.dylib in Frameworks */,
				B597A924251A441B0064C44E /* libopencv_features2d.4.2.0.dylib in Frameworks */,
				B597A91E251A441B0064C44E /* libopencv_highgui.4.2.0.dylib in Frameworks */,
				B597A963251A441B0064C44E /* libopencv_gapi.4.2.0.dylib in Frameworks */,
				B597A8F7251A441B0064C44E /* libopencv_dnn.4.2.0.dylib in Frameworks */,
				B597A936251A441B0064C44E /* libopencv_optflow.4.2.0.dylib in Frameworks */,
				B597A8F1251A441B0064C44E /* libopencv_aruco.4.2.0.dylib in Frameworks */,
				B597A933251A441B0064C44E /* libopencv_face.4.2.0.dylib in Frameworks */,
				B597A927251A441B0064C44E /* libopencv_videostab.4.2.0.dylib in Frameworks */,
				B597A90C251A441B0064C44E /* libopencv_flann.4.2.0.dylib in Frameworks */,
				B597A8EE251A441B0064C44E /* libopencv_stereo.4.2.0.dylib in Frameworks */,
				B597A939251A441B0064C44E /* libopencv_photo.4.2.0.dylib in Frameworks */,
				B597A91B251A441B0064C44E /* libopencv_shape.4.2.0.dylib in Frameworks */,
				B597A951251A441B0064C44E /* libopencv_dnn_objdetect.4.2.0.dylib in Frameworks */,
				B597A95D251A441B0064C44E /* libopencv_rgbd.4.2.0.dylib in Frameworks */,
				B597A906251A441B0064C44E /* libopencv_fuzzy.4.2.0.dylib in Frameworks */,
				B597A93F251A441B0064C44E /* libopencv_surface_matching.4.2.0.dylib in Frameworks */,
				B597A969251A441B0064C44E /* libopencv_stitching.4.2.0.dylib in Frameworks */,
				B597A918251A441B0064C44E /* libopencv_core.4.2.0.dylib in Frameworks */,
				B597A972251A441B0064C44E /* libopencv_sfm.4.2.0.dylib in Frameworks */,
				B597A8FD251A441B0064C44E /* libopencv_freetype.4.2.0.dylib in Frameworks */,
				B597A945251A441B0064C44E /* libopencv_phase_unwrapping.4.2.0.dylib in Frameworks */,
				B597A96C251A441B0064C44E /* libopencv_img_hash.4.2.0.dylib in Frameworks */,
				B597A92A251A441B0064C44E /* libopencv_imgproc.4.2.0.dylib in Frameworks */,
				B597A94B251A441B0064C44E /* libopencv_videoio.4.2.0.dylib in Frameworks */,
				B597A8EB251A441B0064C44E /* libopencv_ml.4.2.0.dylib in Frameworks */,
				B597A942251A441B0064C44E /* libopencv_superres.4.2.0.dylib in Frameworks */,
				B597A975251A441B0064C44E /* libopencv_calib3d.4.2.0.dylib in Frameworks */,
				B597A909251A441B0064C44E /* libopencv_structured_light.4.2.0.dylib in Frameworks */,
				B597A8FA251A441B0064C44E /* libopencv_dpm.4.2.0.dylib in Frameworks */,
				B597A912251A441B0064C44E /* libopencv_ccalib.4.2.0.dylib in Frameworks */,
				B597A8F4251A441B0064C44E /* libopencv_tracking.4.2.0.dylib in Frameworks */,
				B597A8E5251A441B0064C44E /* libopencv_ximgproc.4.2.0.dylib in Frameworks */,
				B597A957251A441B0064C44E /* libopencv_xobjdetect.4.2.0.dylib in Frameworks */,
			);
			runOnlyForDeploymentPostprocessing = 0;
		};
		B597A868251906B30064C44E /* Frameworks */ = {
			isa = PBXFrameworksBuildPhase;
			buildActionMask = 2147483647;
			files = (
				B597A904251A441B0064C44E /* libopencv_datasets.4.2.0.dylib in Frameworks */,
				B597A967251A441B0064C44E /* libopencv_video.4.2.0.dylib in Frameworks */,
				B597A949251A441B0064C44E /* libopencv_dnn_superres.4.2.0.dylib in Frameworks */,
				B597A901251A441B0064C44E /* libopencv_imgcodecs.4.2.0.dylib in Frameworks */,
				B597A94F251A441B0064C44E /* libopencv_xfeatures2d.4.2.0.dylib in Frameworks */,
				B597A92E251A441B0064C44E /* libopencv_quality.4.2.0.dylib in Frameworks */,
				B597A95B251A441B0064C44E /* libopencv_hfs.4.2.0.dylib in Frameworks */,
				B597A931251A441B0064C44E /* libopencv_xphoto.4.2.0.dylib in Frameworks */,
				B597A916251A441B0064C44E /* libopencv_plot.4.2.0.dylib in Frameworks */,
				B597A961251A441B0064C44E /* libopencv_bgsegm.4.2.0.dylib in Frameworks */,
				B597A8E9251A441B0064C44E /* libopencv_reg.4.2.0.dylib in Frameworks */,
				B597A922251A441B0064C44E /* libopencv_objdetect.4.2.0.dylib in Frameworks */,
				B597A910251A441B0064C44E /* libopencv_bioinspired.4.2.0.dylib in Frameworks */,
				B597A93D251A441B0064C44E /* libopencv_line_descriptor.4.2.0.dylib in Frameworks */,
				B597A970251A441B0064C44E /* libopencv_text.4.2.0.dylib in Frameworks */,
				B597A955251A441B0064C44E /* libopencv_saliency.4.2.0.dylib in Frameworks */,
				B597A925251A441B0064C44E /* libopencv_features2d.4.2.0.dylib in Frameworks */,
				B597A91F251A441B0064C44E /* libopencv_highgui.4.2.0.dylib in Frameworks */,
				B597A964251A441B0064C44E /* libopencv_gapi.4.2.0.dylib in Frameworks */,
				B597A8F8251A441B0064C44E /* libopencv_dnn.4.2.0.dylib in Frameworks */,
				B597A937251A441B0064C44E /* libopencv_optflow.4.2.0.dylib in Frameworks */,
				B597A8F2251A441B0064C44E /* libopencv_aruco.4.2.0.dylib in Frameworks */,
				B597A934251A441B0064C44E /* libopencv_face.4.2.0.dylib in Frameworks */,
				B597A928251A441B0064C44E /* libopencv_videostab.4.2.0.dylib in Frameworks */,
				B597A90D251A441B0064C44E /* libopencv_flann.4.2.0.dylib in Frameworks */,
				B597A8EF251A441B0064C44E /* libopencv_stereo.4.2.0.dylib in Frameworks */,
				B597A93A251A441B0064C44E /* libopencv_photo.4.2.0.dylib in Frameworks */,
				B597A91C251A441B0064C44E /* libopencv_shape.4.2.0.dylib in Frameworks */,
				B597A952251A441B0064C44E /* libopencv_dnn_objdetect.4.2.0.dylib in Frameworks */,
				B597A95E251A441B0064C44E /* libopencv_rgbd.4.2.0.dylib in Frameworks */,
				B597A907251A441B0064C44E /* libopencv_fuzzy.4.2.0.dylib in Frameworks */,
				B597A940251A441B0064C44E /* libopencv_surface_matching.4.2.0.dylib in Frameworks */,
				B597A96A251A441B0064C44E /* libopencv_stitching.4.2.0.dylib in Frameworks */,
				B597A919251A441B0064C44E /* libopencv_core.4.2.0.dylib in Frameworks */,
				B597A973251A441B0064C44E /* libopencv_sfm.4.2.0.dylib in Frameworks */,
				B597A8FE251A441B0064C44E /* libopencv_freetype.4.2.0.dylib in Frameworks */,
				B597A946251A441B0064C44E /* libopencv_phase_unwrapping.4.2.0.dylib in Frameworks */,
				B597A96D251A441B0064C44E /* libopencv_img_hash.4.2.0.dylib in Frameworks */,
				B597A92B251A441B0064C44E /* libopencv_imgproc.4.2.0.dylib in Frameworks */,
				B597A94C251A441B0064C44E /* libopencv_videoio.4.2.0.dylib in Frameworks */,
				B597A8EC251A441B0064C44E /* libopencv_ml.4.2.0.dylib in Frameworks */,
				B597A943251A441B0064C44E /* libopencv_superres.4.2.0.dylib in Frameworks */,
				B597A976251A441B0064C44E /* libopencv_calib3d.4.2.0.dylib in Frameworks */,
				B597A90A251A441B0064C44E /* libopencv_structured_light.4.2.0.dylib in Frameworks */,
				B597A8FB251A441B0064C44E /* libopencv_dpm.4.2.0.dylib in Frameworks */,
				B597A913251A441B0064C44E /* libopencv_ccalib.4.2.0.dylib in Frameworks */,
				B597A8F5251A441B0064C44E /* libopencv_tracking.4.2.0.dylib in Frameworks */,
				B597A8E6251A441B0064C44E /* libopencv_ximgproc.4.2.0.dylib in Frameworks */,
				B597A958251A441B0064C44E /* libopencv_xobjdetect.4.2.0.dylib in Frameworks */,
			);
			runOnlyForDeploymentPostprocessing = 0;
		};
		B597A877251907490064C44E /* Frameworks */ = {
			isa = PBXFrameworksBuildPhase;
			buildActionMask = 2147483647;
			files = (
				B597A905251A441B0064C44E /* libopencv_datasets.4.2.0.dylib in Frameworks */,
				B597A968251A441B0064C44E /* libopencv_video.4.2.0.dylib in Frameworks */,
				B597A94A251A441B0064C44E /* libopencv_dnn_superres.4.2.0.dylib in Frameworks */,
				B597A902251A441B0064C44E /* libopencv_imgcodecs.4.2.0.dylib in Frameworks */,
				B597A950251A441B0064C44E /* libopencv_xfeatures2d.4.2.0.dylib in Frameworks */,
				B597A92F251A441B0064C44E /* libopencv_quality.4.2.0.dylib in Frameworks */,
				B597A95C251A441B0064C44E /* libopencv_hfs.4.2.0.dylib in Frameworks */,
				B597A932251A441B0064C44E /* libopencv_xphoto.4.2.0.dylib in Frameworks */,
				B597A917251A441B0064C44E /* libopencv_plot.4.2.0.dylib in Frameworks */,
				B597A962251A441B0064C44E /* libopencv_bgsegm.4.2.0.dylib in Frameworks */,
				B597A8EA251A441B0064C44E /* libopencv_reg.4.2.0.dylib in Frameworks */,
				B597A923251A441B0064C44E /* libopencv_objdetect.4.2.0.dylib in Frameworks */,
				B597A911251A441B0064C44E /* libopencv_bioinspired.4.2.0.dylib in Frameworks */,
				B597A93E251A441B0064C44E /* libopencv_line_descriptor.4.2.0.dylib in Frameworks */,
				B597A971251A441B0064C44E /* libopencv_text.4.2.0.dylib in Frameworks */,
				B597A956251A441B0064C44E /* libopencv_saliency.4.2.0.dylib in Frameworks */,
				B597A926251A441B0064C44E /* libopencv_features2d.4.2.0.dylib in Frameworks */,
				B597A920251A441B0064C44E /* libopencv_highgui.4.2.0.dylib in Frameworks */,
				B597A965251A441B0064C44E /* libopencv_gapi.4.2.0.dylib in Frameworks */,
				B597A8F9251A441B0064C44E /* libopencv_dnn.4.2.0.dylib in Frameworks */,
				B597A938251A441B0064C44E /* libopencv_optflow.4.2.0.dylib in Frameworks */,
				B597A8F3251A441B0064C44E /* libopencv_aruco.4.2.0.dylib in Frameworks */,
				B597A935251A441B0064C44E /* libopencv_face.4.2.0.dylib in Frameworks */,
				B597A929251A441B0064C44E /* libopencv_videostab.4.2.0.dylib in Frameworks */,
				B597A90E251A441B0064C44E /* libopencv_flann.4.2.0.dylib in Frameworks */,
				B597A8F0251A441B0064C44E /* libopencv_stereo.4.2.0.dylib in Frameworks */,
				B597A93B251A441B0064C44E /* libopencv_photo.4.2.0.dylib in Frameworks */,
				B597A91D251A441B0064C44E /* libopencv_shape.4.2.0.dylib in Frameworks */,
				B597A953251A441B0064C44E /* libopencv_dnn_objdetect.4.2.0.dylib in Frameworks */,
				B597A95F251A441B0064C44E /* libopencv_rgbd.4.2.0.dylib in Frameworks */,
				B597A908251A441B0064C44E /* libopencv_fuzzy.4.2.0.dylib in Frameworks */,
				B597A941251A441B0064C44E /* libopencv_surface_matching.4.2.0.dylib in Frameworks */,
				B597A96B251A441B0064C44E /* libopencv_stitching.4.2.0.dylib in Frameworks */,
				B597A91A251A441B0064C44E /* libopencv_core.4.2.0.dylib in Frameworks */,
				B597A974251A441B0064C44E /* libopencv_sfm.4.2.0.dylib in Frameworks */,
				B597A8FF251A441B0064C44E /* libopencv_freetype.4.2.0.dylib in Frameworks */,
				B597A947251A441B0064C44E /* libopencv_phase_unwrapping.4.2.0.dylib in Frameworks */,
				B597A96E251A441B0064C44E /* libopencv_img_hash.4.2.0.dylib in Frameworks */,
				B597A92C251A441B0064C44E /* libopencv_imgproc.4.2.0.dylib in Frameworks */,
				B597A94D251A441B0064C44E /* libopencv_videoio.4.2.0.dylib in Frameworks */,
				B597A8ED251A441B0064C44E /* libopencv_ml.4.2.0.dylib in Frameworks */,
				B597A944251A441B0064C44E /* libopencv_superres.4.2.0.dylib in Frameworks */,
				B597A977251A441B0064C44E /* libopencv_calib3d.4.2.0.dylib in Frameworks */,
				B597A90B251A441B0064C44E /* libopencv_structured_light.4.2.0.dylib in Frameworks */,
				B597A8FC251A441B0064C44E /* libopencv_dpm.4.2.0.dylib in Frameworks */,
				B597A914251A441B0064C44E /* libopencv_ccalib.4.2.0.dylib in Frameworks */,
				B597A8F6251A441B0064C44E /* libopencv_tracking.4.2.0.dylib in Frameworks */,
				B597A8E7251A441B0064C44E /* libopencv_ximgproc.4.2.0.dylib in Frameworks */,
				B597A959251A441B0064C44E /* libopencv_xobjdetect.4.2.0.dylib in Frameworks */,
			);
			runOnlyForDeploymentPostprocessing = 0;
		};
/* End PBXFrameworksBuildPhase section */

/* Begin PBXGroup section */
		B54B9B15253C03A100EC02B3 /* pa2 */ = {
			isa = PBXGroup;
			children = (
				B54B9B28253C040400EC02B3 /* CMakeLists.txt */,
				B54B9B23253C040400EC02B3 /* global.hpp */,
				B54B9B29253C040400EC02B3 /* main.cpp */,
				B54B9B25253C040400EC02B3 /* rasterizer.cpp */,
				B54B9B26253C040400EC02B3 /* rasterizer.hpp */,
				B54B9B27253C040400EC02B3 /* Triangle.cpp */,
				B54B9B24253C040400EC02B3 /* Triangle.hpp */,
			);
			path = pa2;
			sourceTree = "<group>";
		};
		B597A8532519068D0064C44E = {
			isa = PBXGroup;
			children = (
				B597A8B3251A43700064C44E /* libs */,
				B597A86C251906B30064C44E /* pa0 */,
				B597A87B251907490064C44E /* pa1 */,
				B54B9B15253C03A100EC02B3 /* pa2 */,
				B597A85D2519068D0064C44E /* Products */,
			);
			sourceTree = "<group>";
		};
		B597A85D2519068D0064C44E /* Products */ = {
			isa = PBXGroup;
			children = (
				B597A85C2519068D0064C44E /* games101 */,
				B597A86B251906B30064C44E /* pa0 */,
				B597A87A251907490064C44E /* pa1 */,
				B54B9B14253C03A100EC02B3 /* pa2 */,
			);
			name = Products;
			sourceTree = "<group>";
		};
		B597A86C251906B30064C44E /* pa0 */ = {
			isa = PBXGroup;
			children = (
				B597A86D251906B30064C44E /* main.cpp */,
			);
			path = pa0;
			sourceTree = "<group>";
		};
		B597A87B251907490064C44E /* pa1 */ = {
			isa = PBXGroup;
			children = (
				B597A89F25190B6E0064C44E /* main.cpp */,
				B597A888251907770064C44E /* rasterizer.cpp */,
				B597A887251907770064C44E /* rasterizer.hpp */,
				B597A889251907770064C44E /* Triangle.cpp */,
				B597A88A251907770064C44E /* Triangle.hpp */,
			);
			path = pa1;
			sourceTree = "<group>";
		};
		B597A8B3251A43700064C44E /* libs */ = {
			isa = PBXGroup;
			children = (
				B597A8B8251A441A0064C44E /* libopencv_aruco.4.2.0.dylib */,
				B597A8DD251A441B0064C44E /* libopencv_bgsegm.4.2.0.dylib */,
				B597A8C2251A441A0064C44E /* libopencv_bioinspired.4.2.0.dylib */,
				B597A8E4251A441B0064C44E /* libopencv_calib3d.4.2.0.dylib */,
				B597A8C3251A441A0064C44E /* libopencv_ccalib.4.2.0.dylib */,
				B597A8C5251A441A0064C44E /* libopencv_core.4.2.0.dylib */,
				B597A8BE251A441A0064C44E /* libopencv_datasets.4.2.0.dylib */,
				B597A8D8251A441B0064C44E /* libopencv_dnn_objdetect.4.2.0.dylib */,
				B597A8D5251A441B0064C44E /* libopencv_dnn_superres.4.2.0.dylib */,
				B597A8BA251A441A0064C44E /* libopencv_dnn.4.2.0.dylib */,
				B597A8BB251A441A0064C44E /* libopencv_dpm.4.2.0.dylib */,
				B597A8CE251A441B0064C44E /* libopencv_face.4.2.0.dylib */,
				B597A8C9251A441A0064C44E /* libopencv_features2d.4.2.0.dylib */,
				B597A8C1251A441A0064C44E /* libopencv_flann.4.2.0.dylib */,
				B597A8BC251A441A0064C44E /* libopencv_freetype.4.2.0.dylib */,
				B597A8BF251A441A0064C44E /* libopencv_fuzzy.4.2.0.dylib */,
				B597A8DE251A441B0064C44E /* libopencv_gapi.4.2.0.dylib */,
				B597A8DB251A441B0064C44E /* libopencv_hfs.4.2.0.dylib */,
				B597A8C7251A441A0064C44E /* libopencv_highgui.4.2.0.dylib */,
				B597A8E1251A441B0064C44E /* libopencv_img_hash.4.2.0.dylib */,
				B597A8BD251A441A0064C44E /* libopencv_imgcodecs.4.2.0.dylib */,
				B597A8CB251A441A0064C44E /* libopencv_imgproc.4.2.0.dylib */,
				B597A8D1251A441B0064C44E /* libopencv_line_descriptor.4.2.0.dylib */,
				B597A8B6251A441A0064C44E /* libopencv_ml.4.2.0.dylib */,
				B597A8C8251A441A0064C44E /* libopencv_objdetect.4.2.0.dylib */,
				B597A8CF251A441B0064C44E /* libopencv_optflow.4.2.0.dylib */,
				B597A8D4251A441B0064C44E /* libopencv_phase_unwrapping.4.2.0.dylib */,
				B597A8D0251A441B0064C44E /* libopencv_photo.4.2.0.dylib */,
				B597A8C4251A441A0064C44E /* libopencv_plot.4.2.0.dylib */,
				B597A8CC251A441A0064C44E /* libopencv_quality.4.2.0.dylib */,
				B597A8B5251A441A0064C44E /* libopencv_reg.4.2.0.dylib */,
				B597A8DC251A441B0064C44E /* libopencv_rgbd.4.2.0.dylib */,
				B597A8D9251A441B0064C44E /* libopencv_saliency.4.2.0.dylib */,
				B597A8E3251A441B0064C44E /* libopencv_sfm.4.2.0.dylib */,
				B597A8C6251A441A0064C44E /* libopencv_shape.4.2.0.dylib */,
				B597A8B7251A441A0064C44E /* libopencv_stereo.4.2.0.dylib */,
				B597A8E0251A441B0064C44E /* libopencv_stitching.4.2.0.dylib */,
				B597A8C0251A441A0064C44E /* libopencv_structured_light.4.2.0.dylib */,
				B597A8D3251A441B0064C44E /* libopencv_superres.4.2.0.dylib */,
				B597A8D2251A441B0064C44E /* libopencv_surface_matching.4.2.0.dylib */,
				B597A8E2251A441B0064C44E /* libopencv_text.4.2.0.dylib */,
				B597A8B9251A441A0064C44E /* libopencv_tracking.4.2.0.dylib */,
				B597A8DF251A441B0064C44E /* libopencv_video.4.2.0.dylib */,
				B597A8D6251A441B0064C44E /* libopencv_videoio.4.2.0.dylib */,
				B597A8CA251A441A0064C44E /* libopencv_videostab.4.2.0.dylib */,
				B597A8D7251A441B0064C44E /* libopencv_xfeatures2d.4.2.0.dylib */,
				B597A8B4251A441A0064C44E /* libopencv_ximgproc.4.2.0.dylib */,
				B597A8DA251A441B0064C44E /* libopencv_xobjdetect.4.2.0.dylib */,
				B597A8CD251A441B0064C44E /* libopencv_xphoto.4.2.0.dylib */,
			);
			path = libs;
			sourceTree = "<group>";
		};
/* End PBXGroup section */

/* Begin PBXNativeTarget section */
		B54B9B13253C03A100EC02B3 /* pa2 */ = {
			isa = PBXNativeTarget;
			buildConfigurationList = B54B9B1A253C03A100EC02B3 /* Build configuration list for PBXNativeTarget "pa2" */;
			buildPhases = (
				B54B9B10253C03A100EC02B3 /* Sources */,
				B54B9B11253C03A100EC02B3 /* Frameworks */,
				B54B9B12253C03A100EC02B3 /* CopyFiles */,
			);
			buildRules = (
			);
			dependencies = (
			);
			name = pa2;
			productName = pa2;
			productReference = B54B9B14253C03A100EC02B3 /* pa2 */;
			productType = "com.apple.product-type.tool";
		};
		B597A85B2519068D0064C44E /* games101 */ = {
			isa = PBXNativeTarget;
			buildConfigurationList = B597A8632519068D0064C44E /* Build configuration list for PBXNativeTarget "games101" */;
			buildPhases = (
				B597A8582519068D0064C44E /* Sources */,
				B597A8592519068D0064C44E /* Frameworks */,
				B597A85A2519068D0064C44E /* CopyFiles */,
			);
			buildRules = (
			);
			dependencies = (
			);
			name = games101;
			productName = games101;
			productReference = B597A85C2519068D0064C44E /* games101 */;
			productType = "com.apple.product-type.tool";
		};
		B597A86A251906B30064C44E /* pa0 */ = {
			isa = PBXNativeTarget;
			buildConfigurationList = B597A86F251906B30064C44E /* Build configuration list for PBXNativeTarget "pa0" */;
			buildPhases = (
				B597A867251906B30064C44E /* Sources */,
				B597A868251906B30064C44E /* Frameworks */,
				B597A869251906B30064C44E /* CopyFiles */,
			);
			buildRules = (
			);
			dependencies = (
			);
			name = pa0;
			productName = pa0;
			productReference = B597A86B251906B30064C44E /* pa0 */;
			productType = "com.apple.product-type.tool";
		};
		B597A879251907490064C44E /* pa1 */ = {
			isa = PBXNativeTarget;
			buildConfigurationList = B597A87E251907490064C44E /* Build configuration list for PBXNativeTarget "pa1" */;
			buildPhases = (
				B597A876251907490064C44E /* Sources */,
				B597A877251907490064C44E /* Frameworks */,
				B597A878251907490064C44E /* CopyFiles */,
			);
			buildRules = (
			);
			dependencies = (
			);
			name = pa1;
			productName = pa1;
			productReference = B597A87A251907490064C44E /* pa1 */;
			productType = "com.apple.product-type.tool";
		};
/* End PBXNativeTarget section */

/* Begin PBXProject section */
		B597A8542519068D0064C44E /* Project object */ = {
			isa = PBXProject;
			attributes = {
				LastUpgradeCheck = 1200;
				TargetAttributes = {
					B54B9B13253C03A100EC02B3 = {
						CreatedOnToolsVersion = 12.0;
					};
					B597A85B2519068D0064C44E = {
						CreatedOnToolsVersion = 12.0;
					};
					B597A86A251906B30064C44E = {
						CreatedOnToolsVersion = 12.0;
					};
					B597A879251907490064C44E = {
						CreatedOnToolsVersion = 12.0;
					};
				};
			};
			buildConfigurationList = B597A8572519068D0064C44E /* Build configuration list for PBXProject "games101" */;
			compatibilityVersion = "Xcode 9.3";
			developmentRegion = en;
			hasScannedForEncodings = 0;
			knownRegions = (
				en,
				Base,
			);
			mainGroup = B597A8532519068D0064C44E;
			productRefGroup = B597A85D2519068D0064C44E /* Products */;
			projectDirPath = "";
			projectRoot = "";
			targets = (
				B597A85B2519068D0064C44E /* games101 */,
				B597A86A251906B30064C44E /* pa0 */,
				B597A879251907490064C44E /* pa1 */,
				B54B9B13253C03A100EC02B3 /* pa2 */,
			);
		};
/* End PBXProject section */

/* Begin PBXSourcesBuildPhase section */
		B54B9B10253C03A100EC02B3 /* Sources */ = {
			isa = PBXSourcesBuildPhase;
			buildActionMask = 2147483647;
			files = (
				B54B9B2A253C040400EC02B3 /* rasterizer.cpp in Sources */,
				B54B9B2B253C040400EC02B3 /* Triangle.cpp in Sources */,
				B54B9B2C253C040400EC02B3 /* main.cpp in Sources */,
			);
			runOnlyForDeploymentPostprocessing = 0;
		};
		B597A8582519068D0064C44E /* Sources */ = {
			isa = PBXSourcesBuildPhase;
			buildActionMask = 2147483647;
			files = (
			);
			runOnlyForDeploymentPostprocessing = 0;
		};
		B597A867251906B30064C44E /* Sources */ = {
			isa = PBXSourcesBuildPhase;
			buildActionMask = 2147483647;
			files = (
				B597A86E251906B30064C44E /* main.cpp in Sources */,
			);
			runOnlyForDeploymentPostprocessing = 0;
		};
		B597A876251907490064C44E /* Sources */ = {
			isa = PBXSourcesBuildPhase;
			buildActionMask = 2147483647;
			files = (
				B597A88B251907770064C44E /* rasterizer.cpp in Sources */,
				B597A88C251907770064C44E /* Triangle.cpp in Sources */,
				B597A8A025190B6E0064C44E /* main.cpp in Sources */,
			);
			runOnlyForDeploymentPostprocessing = 0;
		};
/* End PBXSourcesBuildPhase section */

/* Begin XCBuildConfiguration section */
		B54B9B18253C03A100EC02B3 /* Debug */ = {
			isa = XCBuildConfiguration;
			buildSettings = {
				CODE_SIGN_STYLE = Automatic;
				LIBRARY_SEARCH_PATHS = (
					"$(inherited)",
					/usr/local/Cellar/opencv/4.2.0_3/lib,
				);
				PRODUCT_NAME = "$(TARGET_NAME)";
			};
			name = Debug;
		};
		B54B9B19253C03A100EC02B3 /* Release */ = {
			isa = XCBuildConfiguration;
			buildSettings = {
				CODE_SIGN_STYLE = Automatic;
				LIBRARY_SEARCH_PATHS = (
					"$(inherited)",
					/usr/local/Cellar/opencv/4.2.0_3/lib,
				);
				PRODUCT_NAME = "$(TARGET_NAME)";
			};
			name = Release;
		};
		B597A8612519068D0064C44E /* Debug */ = {
			isa = XCBuildConfiguration;
			buildSettings = {
				ALWAYS_SEARCH_USER_PATHS = NO;
				CLANG_ANALYZER_NONNULL = YES;
				CLANG_ANALYZER_NUMBER_OBJECT_CONVERSION = YES_AGGRESSIVE;
				CLANG_CXX_LANGUAGE_STANDARD = "gnu++14";
				CLANG_CXX_LIBRARY = "libc++";
				CLANG_ENABLE_MODULES = YES;
				CLANG_ENABLE_OBJC_ARC = YES;
				CLANG_ENABLE_OBJC_WEAK = YES;
				CLANG_WARN_BLOCK_CAPTURE_AUTORELEASING = YES;
				CLANG_WARN_BOOL_CONVERSION = YES;
				CLANG_WARN_COMMA = YES;
				CLANG_WARN_CONSTANT_CONVERSION = YES;
				CLANG_WARN_DEPRECATED_OBJC_IMPLEMENTATIONS = YES;
				CLANG_WARN_DIRECT_OBJC_ISA_USAGE = YES_ERROR;
				CLANG_WARN_DOCUMENTATION_COMMENTS = YES;
				CLANG_WARN_EMPTY_BODY = YES;
				CLANG_WARN_ENUM_CONVERSION = YES;
				CLANG_WARN_INFINITE_RECURSION = YES;
				CLANG_WARN_INT_CONVERSION = YES;
				CLANG_WARN_NON_LITERAL_NULL_CONVERSION = YES;
				CLANG_WARN_OBJC_IMPLICIT_RETAIN_SELF = YES;
				CLANG_WARN_OBJC_LITERAL_CONVERSION = YES;
				CLANG_WARN_OBJC_ROOT_CLASS = YES_ERROR;
				CLANG_WARN_QUOTED_INCLUDE_IN_FRAMEWORK_HEADER = YES;
				CLANG_WARN_RANGE_LOOP_ANALYSIS = YES;
				CLANG_WARN_STRICT_PROTOTYPES = YES;
				CLANG_WARN_SUSPICIOUS_MOVE = YES;
				CLANG_WARN_UNGUARDED_AVAILABILITY = YES_AGGRESSIVE;
				CLANG_WARN_UNREACHABLE_CODE = YES;
				CLANG_WARN__DUPLICATE_METHOD_MATCH = YES;
				COPY_PHASE_STRIP = NO;
				DEBUG_INFORMATION_FORMAT = dwarf;
				ENABLE_STRICT_OBJC_MSGSEND = YES;
				ENABLE_TESTABILITY = YES;
				GCC_C_LANGUAGE_STANDARD = gnu11;
				GCC_DYNAMIC_NO_PIC = NO;
				GCC_NO_COMMON_BLOCKS = YES;
				GCC_OPTIMIZATION_LEVEL = 0;
				GCC_PREPROCESSOR_DEFINITIONS = (
					"DEBUG=1",
					"$(inherited)",
				);
				GCC_WARN_64_TO_32_BIT_CONVERSION = YES;
				GCC_WARN_ABOUT_RETURN_TYPE = YES_ERROR;
				GCC_WARN_UNDECLARED_SELECTOR = YES;
				GCC_WARN_UNINITIALIZED_AUTOS = YES_AGGRESSIVE;
				GCC_WARN_UNUSED_FUNCTION = YES;
				GCC_WARN_UNUSED_VARIABLE = YES;
				"HEADER_SEARCH_PATHS[arch=*]" = /usr/local/include/opencv4;
				MACOSX_DEPLOYMENT_TARGET = 10.15;
				MTL_ENABLE_DEBUG_INFO = INCLUDE_SOURCE;
				MTL_FAST_MATH = YES;
				ONLY_ACTIVE_ARCH = YES;
				SDKROOT = macosx;
			};
			name = Debug;
		};
		B597A8622519068D0064C44E /* Release */ = {
			isa = XCBuildConfiguration;
			buildSettings = {
				ALWAYS_SEARCH_USER_PATHS = NO;
				CLANG_ANALYZER_NONNULL = YES;
				CLANG_ANALYZER_NUMBER_OBJECT_CONVERSION = YES_AGGRESSIVE;
				CLANG_CXX_LANGUAGE_STANDARD = "gnu++14";
				CLANG_CXX_LIBRARY = "libc++";
				CLANG_ENABLE_MODULES = YES;
				CLANG_ENABLE_OBJC_ARC = YES;
				CLANG_ENABLE_OBJC_WEAK = YES;
				CLANG_WARN_BLOCK_CAPTURE_AUTORELEASING = YES;
				CLANG_WARN_BOOL_CONVERSION = YES;
				CLANG_WARN_COMMA = YES;
				CLANG_WARN_CONSTANT_CONVERSION = YES;
				CLANG_WARN_DEPRECATED_OBJC_IMPLEMENTATIONS = YES;
				CLANG_WARN_DIRECT_OBJC_ISA_USAGE = YES_ERROR;
				CLANG_WARN_DOCUMENTATION_COMMENTS = YES;
				CLANG_WARN_EMPTY_BODY = YES;
				CLANG_WARN_ENUM_CONVERSION = YES;
				CLANG_WARN_INFINITE_RECURSION = YES;
				CLANG_WARN_INT_CONVERSION = YES;
				CLANG_WARN_NON_LITERAL_NULL_CONVERSION = YES;
				CLANG_WARN_OBJC_IMPLICIT_RETAIN_SELF = YES;
				CLANG_WARN_OBJC_LITERAL_CONVERSION = YES;
				CLANG_WARN_OBJC_ROOT_CLASS = YES_ERROR;
				CLANG_WARN_QUOTED_INCLUDE_IN_FRAMEWORK_HEADER = YES;
				CLANG_WARN_RANGE_LOOP_ANALYSIS = YES;
				CLANG_WARN_STRICT_PROTOTYPES = YES;
				CLANG_WARN_SUSPICIOUS_MOVE = YES;
				CLANG_WARN_UNGUARDED_AVAILABILITY = YES_AGGRESSIVE;
				CLANG_WARN_UNREACHABLE_CODE = YES;
				CLANG_WARN__DUPLICATE_METHOD_MATCH = YES;
				COPY_PHASE_STRIP = NO;
				DEBUG_INFORMATION_FORMAT = "dwarf-with-dsym";
				ENABLE_NS_ASSERTIONS = NO;
				ENABLE_STRICT_OBJC_MSGSEND = YES;
				GCC_C_LANGUAGE_STANDARD = gnu11;
				GCC_NO_COMMON_BLOCKS = YES;
				GCC_WARN_64_TO_32_BIT_CONVERSION = YES;
				GCC_WARN_ABOUT_RETURN_TYPE = YES_ERROR;
				GCC_WARN_UNDECLARED_SELECTOR = YES;
				GCC_WARN_UNINITIALIZED_AUTOS = YES_AGGRESSIVE;
				GCC_WARN_UNUSED_FUNCTION = YES;
				GCC_WARN_UNUSED_VARIABLE = YES;
				"HEADER_SEARCH_PATHS[arch=*]" = /usr/local/include/opencv4;
				MACOSX_DEPLOYMENT_TARGET = 10.15;
				MTL_ENABLE_DEBUG_INFO = NO;
				MTL_FAST_MATH = YES;
				SDKROOT = macosx;
			};
			name = Release;
		};
		B597A8642519068D0064C44E /* Debug */ = {
			isa = XCBuildConfiguration;
			buildSettings = {
				CODE_SIGN_STYLE = Automatic;
				LIBRARY_SEARCH_PATHS = (
					"$(inherited)",
					/usr/local/Cellar/opencv/4.2.0_3/lib,
				);
				PRODUCT_NAME = "$(TARGET_NAME)";
			};
			name = Debug;
		};
		B597A8652519068D0064C44E /* Release */ = {
			isa = XCBuildConfiguration;
			buildSettings = {
				CODE_SIGN_STYLE = Automatic;
				LIBRARY_SEARCH_PATHS = (
					"$(inherited)",
					/usr/local/Cellar/opencv/4.2.0_3/lib,
				);
				PRODUCT_NAME = "$(TARGET_NAME)";
			};
			name = Release;
		};
		B597A870251906B30064C44E /* Debug */ = {
			isa = XCBuildConfiguration;
			buildSettings = {
				CODE_SIGN_STYLE = Automatic;
				LIBRARY_SEARCH_PATHS = (
					"$(inherited)",
					/usr/local/Cellar/opencv/4.2.0_3/lib,
				);
				PRODUCT_NAME = "$(TARGET_NAME)";
			};
			name = Debug;
		};
		B597A871251906B30064C44E /* Release */ = {
			isa = XCBuildConfiguration;
			buildSettings = {
				CODE_SIGN_STYLE = Automatic;
				LIBRARY_SEARCH_PATHS = (
					"$(inherited)",
					/usr/local/Cellar/opencv/4.2.0_3/lib,
				);
				PRODUCT_NAME = "$(TARGET_NAME)";
			};
			name = Release;
		};
		B597A87F251907490064C44E /* Debug */ = {
			isa = XCBuildConfiguration;
			buildSettings = {
				CLANG_CXX_LANGUAGE_STANDARD = "gnu++14";
				CLANG_CXX_LIBRARY = "libc++";
				CODE_SIGN_STYLE = Automatic;
				LIBRARY_SEARCH_PATHS = (
					"$(inherited)",
					/usr/local/Cellar/opencv/4.2.0_3/lib,
				);
				"LIBRARY_SEARCH_PATHS[arch=*]" = /usr/local/Cellar/opencv/4.2.0_3/lib;
				PRODUCT_NAME = "$(TARGET_NAME)";
			};
			name = Debug;
		};
		B597A880251907490064C44E /* Release */ = {
			isa = XCBuildConfiguration;
			buildSettings = {
				CLANG_CXX_LANGUAGE_STANDARD = "gnu++14";
				CLANG_CXX_LIBRARY = "libc++";
				CODE_SIGN_STYLE = Automatic;
				LIBRARY_SEARCH_PATHS = (
					"$(inherited)",
					/usr/local/Cellar/opencv/4.2.0_3/lib,
				);
				"LIBRARY_SEARCH_PATHS[arch=*]" = /usr/local/Cellar/opencv/4.2.0_3/lib;
				PRODUCT_NAME = "$(TARGET_NAME)";
			};
			name = Release;
		};
/* End XCBuildConfiguration section */

/* Begin XCConfigurationList section */
		B54B9B1A253C03A100EC02B3 /* Build configuration list for PBXNativeTarget "pa2" */ = {
			isa = XCConfigurationList;
			buildConfigurations = (
				B54B9B18253C03A100EC02B3 /* Debug */,
				B54B9B19253C03A100EC02B3 /* Release */,
			);
			defaultConfigurationIsVisible = 0;
			defaultConfigurationName = Release;
		};
		B597A8572519068D0064C44E /* Build configuration list for PBXProject "games101" */ = {
			isa = XCConfigurationList;
			buildConfigurations = (
				B597A8612519068D0064C44E /* Debug */,
				B597A8622519068D0064C44E /* Release */,
			);
			defaultConfigurationIsVisible = 0;
			defaultConfigurationName = Release;
		};
		B597A8632519068D0064C44E /* Build configuration list for PBXNativeTarget "games101" */ = {
			isa = XCConfigurationList;
			buildConfigurations = (
				B597A8642519068D0064C44E /* Debug */,
				B597A8652519068D0064C44E /* Release */,
			);
			defaultConfigurationIsVisible = 0;
			defaultConfigurationName = Release;
		};
		B597A86F251906B30064C44E /* Build configuration list for PBXNativeTarget "pa0" */ = {
			isa = XCConfigurationList;
			buildConfigurations = (
				B597A870251906B30064C44E /* Debug */,
				B597A871251906B30064C44E /* Release */,
			);
			defaultConfigurationIsVisible = 0;
			defaultConfigurationName = Release;
		};
		B597A87E251907490064C44E /* Build configuration list for PBXNativeTarget "pa1" */ = {
			isa = XCConfigurationList;
			buildConfigurations = (
				B597A87F251907490064C44E /* Debug */,
				B597A880251907490064C44E /* Release */,
			);
			defaultConfigurationIsVisible = 0;
			defaultConfigurationName = Release;
		};
/* End XCConfigurationList section */
	};
	rootObject = B597A8542519068D0064C44E /* Project object */;
}
